// !$*UTF8*$!
{
	archiveVersion = 1;
	classes = {
	};
	objectVersion = 50;
	objects = {

/* Begin PBXBuildFile section */
		2600F724219726E80046239C /* ProfileVC.swift in Sources */ = {isa = PBXBuildFile; fileRef = 2600F722219726E80046239C /* ProfileVC.swift */; };
		26072911218F4FF100140AF9 /* Montserrat-Bold.otf in Resources */ = {isa = PBXBuildFile; fileRef = 2607290E218F4D7100140AF9 /* Montserrat-Bold.otf */; };
		26072912218F4FF100140AF9 /* Montserrat-Light.otf in Resources */ = {isa = PBXBuildFile; fileRef = 26072910218F4D7100140AF9 /* Montserrat-Light.otf */; };
		26072913218F4FF100140AF9 /* Montserrat-Regular.otf in Resources */ = {isa = PBXBuildFile; fileRef = 2607290F218F4D7100140AF9 /* Montserrat-Regular.otf */; };
		26072914218F4FF100140AF9 /* Montserrat-SemiBold.otf in Resources */ = {isa = PBXBuildFile; fileRef = 2607290D218F4D7000140AF9 /* Montserrat-SemiBold.otf */; };
		2608521921B773FB002C7AA4 /* RFViewRecipeVM.swift in Sources */ = {isa = PBXBuildFile; fileRef = 2608521821B773FB002C7AA4 /* RFViewRecipeVM.swift */; };
		260F320421BB9E4500A85A43 /* RFConversationService.swift in Sources */ = {isa = PBXBuildFile; fileRef = 260F320321BB9E4500A85A43 /* RFConversationService.swift */; };
		260F320621BBAE5500A85A43 /* SearchUserVM.swift in Sources */ = {isa = PBXBuildFile; fileRef = 260F320521BBAE5500A85A43 /* SearchUserVM.swift */; };
		260F320821BBE48100A85A43 /* RFConversation.swift in Sources */ = {isa = PBXBuildFile; fileRef = 260F320721BBE48100A85A43 /* RFConversation.swift */; };
		260F320A21BC0B9E00A85A43 /* ConversationVM.swift in Sources */ = {isa = PBXBuildFile; fileRef = 260F320921BC0B9E00A85A43 /* ConversationVM.swift */; };
		26144B6221B42556001BCEA5 /* RecipeDetailVM.swift in Sources */ = {isa = PBXBuildFile; fileRef = 26144B6121B42556001BCEA5 /* RecipeDetailVM.swift */; };
		26144B6421B42828001BCEA5 /* RFIngredient.swift in Sources */ = {isa = PBXBuildFile; fileRef = 26144B6321B42828001BCEA5 /* RFIngredient.swift */; };
		2620805221A00B79008DFCD6 /* RFRecipeCell.swift in Sources */ = {isa = PBXBuildFile; fileRef = 2620805121A00B79008DFCD6 /* RFRecipeCell.swift */; };
		2620805421A00BAD008DFCD6 /* ProfileRecipeCollection.swift in Sources */ = {isa = PBXBuildFile; fileRef = 2620805321A00BAC008DFCD6 /* ProfileRecipeCollection.swift */; };
		26253C4D21AC36D700FC6598 /* CreateIngredientCell.swift in Sources */ = {isa = PBXBuildFile; fileRef = 26253C4C21AC36D700FC6598 /* CreateIngredientCell.swift */; };
		26253C5021AC440400FC6598 /* AddIngredientCell.swift in Sources */ = {isa = PBXBuildFile; fileRef = 26253C4F21AC440400FC6598 /* AddIngredientCell.swift */; };
		26253C5221AC496E00FC6598 /* UITextField+Ext.swift in Sources */ = {isa = PBXBuildFile; fileRef = 26253C5121AC496E00FC6598 /* UITextField+Ext.swift */; };
		26287867218F0D1400CD07C5 /* RFPrimaryBtn.swift in Sources */ = {isa = PBXBuildFile; fileRef = 26287866218F0D1400CD07C5 /* RFPrimaryBtn.swift */; };
		2628786A218F0DFE00CD07C5 /* RFColor.swift in Sources */ = {isa = PBXBuildFile; fileRef = 26287869218F0DFE00CD07C5 /* RFColor.swift */; };
		2628786C218F0E0800CD07C5 /* RFFont.swift in Sources */ = {isa = PBXBuildFile; fileRef = 2628786B218F0E0800CD07C5 /* RFFont.swift */; };
		262FD2AC21B751F6004A29AE /* HomeVM.swift in Sources */ = {isa = PBXBuildFile; fileRef = 262FD2AB21B751F6004A29AE /* HomeVM.swift */; };
		2633991D2188AC650035F4BE /* RegistrationsVC.xib in Resources */ = {isa = PBXBuildFile; fileRef = 263399192188AC640035F4BE /* RegistrationsVC.xib */; };
		2633991E2188AC650035F4BE /* RegistrationsVC.swift in Sources */ = {isa = PBXBuildFile; fileRef = 2633991A2188AC640035F4BE /* RegistrationsVC.swift */; };
		2633991F2188AC650035F4BE /* RFCustomTextField.swift in Sources */ = {isa = PBXBuildFile; fileRef = 2633991C2188AC650035F4BE /* RFCustomTextField.swift */; };
		263399232188B51A0035F4BE /* RFLocalizedString.swift in Sources */ = {isa = PBXBuildFile; fileRef = 263399222188B51A0035F4BE /* RFLocalizedString.swift */; };
		263399262188B60B0035F4BE /* eng.strings in Resources */ = {isa = PBXBuildFile; fileRef = 263399252188B60B0035F4BE /* eng.strings */; };
		26380A2C2197CB8700DFBB82 /* UIView+Ext.swift in Sources */ = {isa = PBXBuildFile; fileRef = 26380A2B2197CB8700DFBB82 /* UIView+Ext.swift */; };
		2638E57E21BAD3FA003BF480 /* StartCookingVM.swift in Sources */ = {isa = PBXBuildFile; fileRef = 2638E57D21BAD3FA003BF480 /* StartCookingVM.swift */; };
		263BE07621A5182B00AD3A2C /* HomeVC.swift in Sources */ = {isa = PBXBuildFile; fileRef = 263BE07421A5182B00AD3A2C /* HomeVC.swift */; };
		263BE07721A5182B00AD3A2C /* HomeVC.xib in Resources */ = {isa = PBXBuildFile; fileRef = 263BE07521A5182B00AD3A2C /* HomeVC.xib */; };
		263BE07A21A51AB200AD3A2C /* HomeHeaderView.swift in Sources */ = {isa = PBXBuildFile; fileRef = 263BE07921A51AB200AD3A2C /* HomeHeaderView.swift */; };
		263BE07C21A51AD200AD3A2C /* HomeHeaderView.xib in Resources */ = {isa = PBXBuildFile; fileRef = 263BE07B21A51AD200AD3A2C /* HomeHeaderView.xib */; };
		263E375621AA940B001DDE33 /* RFViewRecipeVC.swift in Sources */ = {isa = PBXBuildFile; fileRef = 263E375521AA940B001DDE33 /* RFViewRecipeVC.swift */; };
		263E375921AA9AEA001DDE33 /* RFParallaxTableView.swift in Sources */ = {isa = PBXBuildFile; fileRef = 263E375821AA9AEA001DDE33 /* RFParallaxTableView.swift */; };
		263E375D21AAC15A001DDE33 /* DescriptionCell.swift in Sources */ = {isa = PBXBuildFile; fileRef = 263E375C21AAC15A001DDE33 /* DescriptionCell.swift */; };
		263E376121AAD3CC001DDE33 /* ReviewCell.swift in Sources */ = {isa = PBXBuildFile; fileRef = 263E376021AAD3CC001DDE33 /* ReviewCell.swift */; };
		263E376321AADB79001DDE33 /* IngredientsCell.swift in Sources */ = {isa = PBXBuildFile; fileRef = 263E376221AADB79001DDE33 /* IngredientsCell.swift */; };
		263E376521AAE607001DDE33 /* String+Ext.swift in Sources */ = {isa = PBXBuildFile; fileRef = 263E376421AAE607001DDE33 /* String+Ext.swift */; };
		264D2FF32193258400F66595 /* RFAuthService.swift in Sources */ = {isa = PBXBuildFile; fileRef = 264D2FF22193258400F66595 /* RFAuthService.swift */; };
		264D2FF7219325D900F66595 /* RFDataService.swift in Sources */ = {isa = PBXBuildFile; fileRef = 264D2FF6219325D900F66595 /* RFDataService.swift */; };
		264D2FFB2193582200F66595 /* RegistrationsVM.swift in Sources */ = {isa = PBXBuildFile; fileRef = 264D2FFA2193582200F66595 /* RegistrationsVM.swift */; };
		264D2FFD21935BB600F66595 /* LoginVM.swift in Sources */ = {isa = PBXBuildFile; fileRef = 264D2FFC21935BB600F66595 /* LoginVM.swift */; };
		264D2FFF21935CD400F66595 /* RFValidations.swift in Sources */ = {isa = PBXBuildFile; fileRef = 264D2FFE21935CD400F66595 /* RFValidations.swift */; };
		2650F9C421A94E20000638DE /* RFTextField.swift in Sources */ = {isa = PBXBuildFile; fileRef = 2650F9C321A94E20000638DE /* RFTextField.swift */; };
		2650F9CA21A96BED000638DE /* RFAdvancedSearchVC.swift in Sources */ = {isa = PBXBuildFile; fileRef = 2650F9C921A96BED000638DE /* RFAdvancedSearchVC.swift */; };
		2650F9CD21A9C906000638DE /* CreateVC.swift in Sources */ = {isa = PBXBuildFile; fileRef = 2650F9CC21A9C906000638DE /* CreateVC.swift */; };
		265C167221BD02A600770779 /* ListOfIngredientsVC.swift in Sources */ = {isa = PBXBuildFile; fileRef = 265C167121BD02A600770779 /* ListOfIngredientsVC.swift */; };
		265C167421BD0B8100770779 /* ListOfIngredientsVM.swift in Sources */ = {isa = PBXBuildFile; fileRef = 265C167321BD0B8100770779 /* ListOfIngredientsVM.swift */; };
		265EDDD821C36F03001F455C /* RFLocationVC.swift in Sources */ = {isa = PBXBuildFile; fileRef = 265EDDD721C36F03001F455C /* RFLocationVC.swift */; };
		265EDDDC21C36FF1001F455C /* RFLocationCell.swift in Sources */ = {isa = PBXBuildFile; fileRef = 265EDDDA21C36FF1001F455C /* RFLocationCell.swift */; };
		265EDDDD21C36FF1001F455C /* RFLocationCell.xib in Resources */ = {isa = PBXBuildFile; fileRef = 265EDDDB21C36FF1001F455C /* RFLocationCell.xib */; };
		265EDDDF21C37895001F455C /* UIViewController+Ext.swift in Sources */ = {isa = PBXBuildFile; fileRef = 265EDDDE21C37895001F455C /* UIViewController+Ext.swift */; };
		266C973421A4415100110728 /* MessageHeaderView.swift in Sources */ = {isa = PBXBuildFile; fileRef = 266C973321A4415100110728 /* MessageHeaderView.swift */; };
		266C973621A4416B00110728 /* MessageHeaderView.xib in Resources */ = {isa = PBXBuildFile; fileRef = 266C973521A4416B00110728 /* MessageHeaderView.xib */; };
		2674F822219D051F0002D64C /* DialogView.xib in Resources */ = {isa = PBXBuildFile; fileRef = 2674F821219D051F0002D64C /* DialogView.xib */; };
		267E202A21B95C1000A474CC /* UIImagePickerController+RxSwift.swift in Sources */ = {isa = PBXBuildFile; fileRef = 267E202921B95C1000A474CC /* UIImagePickerController+RxSwift.swift */; };
		2681C2AC21A6699B00AE98F0 /* HomeCollectionCell.swift in Sources */ = {isa = PBXBuildFile; fileRef = 2681C2AB21A6699B00AE98F0 /* HomeCollectionCell.swift */; };
		2681C2B421A68BED00AE98F0 /* HomeCollectionCell.xib in Resources */ = {isa = PBXBuildFile; fileRef = 2681C2B221A68BED00AE98F0 /* HomeCollectionCell.xib */; };
		2681C2B621A6C5FB00AE98F0 /* RFScreenHelper.swift in Sources */ = {isa = PBXBuildFile; fileRef = 2681C2B521A6C5FB00AE98F0 /* RFScreenHelper.swift */; };
		2683CF8B21A7F1E200467B4E /* RFDateHeaderLabel.swift in Sources */ = {isa = PBXBuildFile; fileRef = 2683CF8A21A7F1E200467B4E /* RFDateHeaderLabel.swift */; };
		268AFC84219962DC00197028 /* RFEnum.swift in Sources */ = {isa = PBXBuildFile; fileRef = 268AFC83219962DC00197028 /* RFEnum.swift */; };
		268AFC892199661100197028 /* ProfileDescriptionCellTableViewCell.swift in Sources */ = {isa = PBXBuildFile; fileRef = 268AFC882199661100197028 /* ProfileDescriptionCellTableViewCell.swift */; };
		268AFC8B2199668400197028 /* RFBaseTableCell.swift in Sources */ = {isa = PBXBuildFile; fileRef = 268AFC8A2199668400197028 /* RFBaseTableCell.swift */; };
		26A23B0521A30C0400164B04 /* UserMessageCell.swift in Sources */ = {isa = PBXBuildFile; fileRef = 26A23B0421A30C0400164B04 /* UserMessageCell.swift */; };
		26A8A391219C6D4700C235FB /* SettingVC.swift in Sources */ = {isa = PBXBuildFile; fileRef = 26A8A390219C6D4700C235FB /* SettingVC.swift */; };
		26ABDBBE21A0581C00F05409 /* RFBaseCollectionCell.swift in Sources */ = {isa = PBXBuildFile; fileRef = 26ABDBBD21A0581C00F05409 /* RFBaseCollectionCell.swift */; };
		26ABDBC121A0862900F05409 /* ConversationVC.swift in Sources */ = {isa = PBXBuildFile; fileRef = 26ABDBC021A0862900F05409 /* ConversationVC.swift */; };
		26B0125E21C38EB4008250ED /* RFLocation.swift in Sources */ = {isa = PBXBuildFile; fileRef = 26B0125D21C38EB4008250ED /* RFLocation.swift */; };
		26B0126021C39964008250ED /* RFLocationVM.swift in Sources */ = {isa = PBXBuildFile; fileRef = 26B0125F21C39964008250ED /* RFLocationVM.swift */; };
		26B1814D21BC2AF400B7836A /* MessageVM.swift in Sources */ = {isa = PBXBuildFile; fileRef = 26B1814C21BC2AF400B7836A /* MessageVM.swift */; };
		26B2BAB921874B76004B148F /* AppDelegate.swift in Sources */ = {isa = PBXBuildFile; fileRef = 26B2BAB821874B76004B148F /* AppDelegate.swift */; };
		26B2BABB21874B76004B148F /* RFTabBarVC.swift in Sources */ = {isa = PBXBuildFile; fileRef = 26B2BABA21874B76004B148F /* RFTabBarVC.swift */; };
		26B2BABE21874B76004B148F /* Main.storyboard in Resources */ = {isa = PBXBuildFile; fileRef = 26B2BABC21874B76004B148F /* Main.storyboard */; };
		26B2BAC021874B76004B148F /* Assets.xcassets in Resources */ = {isa = PBXBuildFile; fileRef = 26B2BABF21874B76004B148F /* Assets.xcassets */; };
		26B2BAC321874B76004B148F /* LaunchScreen.storyboard in Resources */ = {isa = PBXBuildFile; fileRef = 26B2BAC121874B76004B148F /* LaunchScreen.storyboard */; };
		26B2BACC21874BE5004B148F /* GoogleService-Info.plist in Resources */ = {isa = PBXBuildFile; fileRef = 26B2BACB21874BE5004B148F /* GoogleService-Info.plist */; };
		26C3A35721B11E9B007601D2 /* ProfileVM.swift in Sources */ = {isa = PBXBuildFile; fileRef = 26C3A35621B11E9B007601D2 /* ProfileVM.swift */; };
		26C3A35A21B12326007601D2 /* RFUser.swift in Sources */ = {isa = PBXBuildFile; fileRef = 26C3A35921B12326007601D2 /* RFUser.swift */; };
		26C3E1F021A6F65D0095FBB5 /* UIButton+Ext.swift in Sources */ = {isa = PBXBuildFile; fileRef = 26C3E1EF21A6F65D0095FBB5 /* UIButton+Ext.swift */; };
		26C6964121A264700020862D /* UserMessageCell.xib in Resources */ = {isa = PBXBuildFile; fileRef = 26C6963F21A264700020862D /* UserMessageCell.xib */; };
		26C6964321A26C500020862D /* SearchBar.swift in Sources */ = {isa = PBXBuildFile; fileRef = 26C6964221A26C500020862D /* SearchBar.swift */; };
		26C6964521A26DC20020862D /* SearchUserVC.swift in Sources */ = {isa = PBXBuildFile; fileRef = 26C6964421A26DC20020862D /* SearchUserVC.swift */; };
		26C739FF21B3AFEF000B7FAE /* RFProtocols.swift in Sources */ = {isa = PBXBuildFile; fileRef = 26C739FE21B3AFEF000B7FAE /* RFProtocols.swift */; };
		26C73A0321B3B5A8000B7FAE /* RFRecipe.swift in Sources */ = {isa = PBXBuildFile; fileRef = 26C73A0221B3B5A8000B7FAE /* RFRecipe.swift */; };
		26CE274521A2BCCE0040346F /* RFImageView.swift in Sources */ = {isa = PBXBuildFile; fileRef = 26CE274421A2BCCE0040346F /* RFImageView.swift */; };
		26D5EDBB219D7CFB004AFB39 /* DialogView.swift in Sources */ = {isa = PBXBuildFile; fileRef = 26D5EDBA219D7CFB004AFB39 /* DialogView.swift */; };
		26D5EDBD219D7D16004AFB39 /* RFDialogView.swift in Sources */ = {isa = PBXBuildFile; fileRef = 26D5EDBC219D7D16004AFB39 /* RFDialogView.swift */; };
		26D5EDC0219DA42C004AFB39 /* RFTypeAlias.swift in Sources */ = {isa = PBXBuildFile; fileRef = 26D5EDBF219DA42C004AFB39 /* RFTypeAlias.swift */; };
		26DBF3FC2192077800CD77FF /* LoginVC.xib in Resources */ = {isa = PBXBuildFile; fileRef = 26DBF3FA2192077800CD77FF /* LoginVC.xib */; };
		26DBF3FE219209A200CD77FF /* LoginVC.swift in Sources */ = {isa = PBXBuildFile; fileRef = 26DBF3FD219209A200CD77FF /* LoginVC.swift */; };
		26DFF294219B3EBA0038D9AB /* ProfileDetailsCell.swift in Sources */ = {isa = PBXBuildFile; fileRef = 26DFF293219B3EBA0038D9AB /* ProfileDetailsCell.swift */; };
		26E092FD219DC81500E7BDD2 /* SettingVM.swift in Sources */ = {isa = PBXBuildFile; fileRef = 26E092FC219DC81500E7BDD2 /* SettingVM.swift */; };
		26E7008821ABA3F1001A8F7C /* StartCookingVC.swift in Sources */ = {isa = PBXBuildFile; fileRef = 26E7008721ABA3F1001A8F7C /* StartCookingVC.swift */; };
		26E7008E21ABCDFB001A8F7C /* StepsCell.swift in Sources */ = {isa = PBXBuildFile; fileRef = 26E7008D21ABCDFB001A8F7C /* StepsCell.swift */; };
		26E7009121ABE690001A8F7C /* CreateReviewsCell.swift in Sources */ = {isa = PBXBuildFile; fileRef = 26E7009021ABE690001A8F7C /* CreateReviewsCell.swift */; };
		26E7009421ABF26B001A8F7C /* UploadCell.swift in Sources */ = {isa = PBXBuildFile; fileRef = 26E7009321ABF26B001A8F7C /* UploadCell.swift */; };
		26E7009721ABF806001A8F7C /* RecipeDetailCell.swift in Sources */ = {isa = PBXBuildFile; fileRef = 26E7009621ABF806001A8F7C /* RecipeDetailCell.swift */; };
		26E9F2EF21B6C366006D1FB9 /* ProfileRecipeCollectionVM.swift in Sources */ = {isa = PBXBuildFile; fileRef = 26E9F2EE21B6C366006D1FB9 /* ProfileRecipeCollectionVM.swift */; };
		26E9F2F121B6CA46006D1FB9 /* UIImage+Ext.swift in Sources */ = {isa = PBXBuildFile; fileRef = 26E9F2F021B6CA46006D1FB9 /* UIImage+Ext.swift */; };
		26E9F2F521B6CB51006D1FB9 /* CachedImageView.swift in Sources */ = {isa = PBXBuildFile; fileRef = 26E9F2F321B6CB50006D1FB9 /* CachedImageView.swift */; };
		26E9F2F621B6CB51006D1FB9 /* DiscardableImageCacheItem.swift in Sources */ = {isa = PBXBuildFile; fileRef = 26E9F2F421B6CB51006D1FB9 /* DiscardableImageCacheItem.swift */; };
		26EBFC0521BD5AA900008C77 /* RecipeListCell.swift in Sources */ = {isa = PBXBuildFile; fileRef = 26EBFC0421BD5AA900008C77 /* RecipeListCell.swift */; };
		26F3224A21A4122E00EDEC7F /* MessageCell.swift in Sources */ = {isa = PBXBuildFile; fileRef = 26F3224921A4122E00EDEC7F /* MessageCell.swift */; };
		26F3224C21A4188900EDEC7F /* MessageVC.swift in Sources */ = {isa = PBXBuildFile; fileRef = 26F3224B21A4188900EDEC7F /* MessageVC.swift */; };
		26F3ABD521B3E7DE00E33834 /* RFRecipeService.swift in Sources */ = {isa = PBXBuildFile; fileRef = 26F3ABD421B3E7DE00E33834 /* RFRecipeService.swift */; };
		26F3ABD721B3F47500E33834 /* CreateVM.swift in Sources */ = {isa = PBXBuildFile; fileRef = 26F3ABD621B3F47500E33834 /* CreateVM.swift */; };
		26F3ABD921B3FA4300E33834 /* CreatIngredientVM.swift in Sources */ = {isa = PBXBuildFile; fileRef = 26F3ABD821B3FA4300E33834 /* CreatIngredientVM.swift */; };
		26F3ABDB21B3FB9000E33834 /* AddIngredientVM.swift in Sources */ = {isa = PBXBuildFile; fileRef = 26F3ABDA21B3FB9000E33834 /* AddIngredientVM.swift */; };
		26F72E4B21952E60008129A0 /* RFBaseController.swift in Sources */ = {isa = PBXBuildFile; fileRef = 26F72E4A21952E60008129A0 /* RFBaseController.swift */; };
		26FD0BFB21B4D7DF00D9C540 /* AddStepVM.swift in Sources */ = {isa = PBXBuildFile; fileRef = 26FD0BFA21B4D7DF00D9C540 /* AddStepVM.swift */; };
		26FD0BFD21B4D7E900D9C540 /* CreateStepsVM.swift in Sources */ = {isa = PBXBuildFile; fileRef = 26FD0BFC21B4D7E900D9C540 /* CreateStepsVM.swift */; };
		26FDAEE421ACFF5B00758D33 /* CreateStepsCell.swift in Sources */ = {isa = PBXBuildFile; fileRef = 26FDAEE321ACFF5B00758D33 /* CreateStepsCell.swift */; };
		26FDAEE721ACFF7C00758D33 /* AddStepsCell.swift in Sources */ = {isa = PBXBuildFile; fileRef = 26FDAEE621ACFF7C00758D33 /* AddStepsCell.swift */; };
		3C192D2921C52F7F00F5ACB1 /* RFFunction.swift in Sources */ = {isa = PBXBuildFile; fileRef = 3C192D2821C52F7F00F5ACB1 /* RFFunction.swift */; };
		3C192D2C21C5368100F5ACB1 /* RFReviewVC.swift in Sources */ = {isa = PBXBuildFile; fileRef = 3C192D2B21C5368100F5ACB1 /* RFReviewVC.swift */; };
		3C63EC2921BECA7A00661D9D /* DetailIngredientsVC.swift in Sources */ = {isa = PBXBuildFile; fileRef = 3C63EC2821BECA7A00661D9D /* DetailIngredientsVC.swift */; };
		3C63EC2B21BECB6900661D9D /* DetailIngredientsVM.swift in Sources */ = {isa = PBXBuildFile; fileRef = 3C63EC2A21BECB6900661D9D /* DetailIngredientsVM.swift */; };
		F9561E5DE3860D00424A1AD9 /* Pods_ResepFinder.framework in Frameworks */ = {isa = PBXBuildFile; fileRef = 5DE5EC465E1A8CB3A3F6CDB0 /* Pods_ResepFinder.framework */; };
/* End PBXBuildFile section */

/* Begin PBXFileReference section */
		17C1C4AF62C0DDD2FFCDFFB8 /* Pods-ResepFinder.release.xcconfig */ = {isa = PBXFileReference; includeInIndex = 1; lastKnownFileType = text.xcconfig; name = "Pods-ResepFinder.release.xcconfig"; path = "Pods/Target Support Files/Pods-ResepFinder/Pods-ResepFinder.release.xcconfig"; sourceTree = "<group>"; };
		2600F722219726E80046239C /* ProfileVC.swift */ = {isa = PBXFileReference; lastKnownFileType = sourcecode.swift; path = ProfileVC.swift; sourceTree = "<group>"; };
		2607290D218F4D7000140AF9 /* Montserrat-SemiBold.otf */ = {isa = PBXFileReference; lastKnownFileType = file; path = "Montserrat-SemiBold.otf"; sourceTree = "<group>"; };
		2607290E218F4D7100140AF9 /* Montserrat-Bold.otf */ = {isa = PBXFileReference; lastKnownFileType = file; path = "Montserrat-Bold.otf"; sourceTree = "<group>"; };
		2607290F218F4D7100140AF9 /* Montserrat-Regular.otf */ = {isa = PBXFileReference; lastKnownFileType = file; path = "Montserrat-Regular.otf"; sourceTree = "<group>"; };
		26072910218F4D7100140AF9 /* Montserrat-Light.otf */ = {isa = PBXFileReference; lastKnownFileType = file; path = "Montserrat-Light.otf"; sourceTree = "<group>"; };
		2608521821B773FB002C7AA4 /* RFViewRecipeVM.swift */ = {isa = PBXFileReference; lastKnownFileType = sourcecode.swift; path = RFViewRecipeVM.swift; sourceTree = "<group>"; };
		260F320321BB9E4500A85A43 /* RFConversationService.swift */ = {isa = PBXFileReference; lastKnownFileType = sourcecode.swift; path = RFConversationService.swift; sourceTree = "<group>"; };
		260F320521BBAE5500A85A43 /* SearchUserVM.swift */ = {isa = PBXFileReference; lastKnownFileType = sourcecode.swift; path = SearchUserVM.swift; sourceTree = "<group>"; };
		260F320721BBE48100A85A43 /* RFConversation.swift */ = {isa = PBXFileReference; lastKnownFileType = sourcecode.swift; path = RFConversation.swift; sourceTree = "<group>"; };
		260F320921BC0B9E00A85A43 /* ConversationVM.swift */ = {isa = PBXFileReference; lastKnownFileType = sourcecode.swift; path = ConversationVM.swift; sourceTree = "<group>"; };
		26144B6121B42556001BCEA5 /* RecipeDetailVM.swift */ = {isa = PBXFileReference; lastKnownFileType = sourcecode.swift; path = RecipeDetailVM.swift; sourceTree = "<group>"; };
		26144B6321B42828001BCEA5 /* RFIngredient.swift */ = {isa = PBXFileReference; lastKnownFileType = sourcecode.swift; path = RFIngredient.swift; sourceTree = "<group>"; };
		2620805121A00B79008DFCD6 /* RFRecipeCell.swift */ = {isa = PBXFileReference; lastKnownFileType = sourcecode.swift; path = RFRecipeCell.swift; sourceTree = "<group>"; };
		2620805321A00BAC008DFCD6 /* ProfileRecipeCollection.swift */ = {isa = PBXFileReference; fileEncoding = 4; lastKnownFileType = sourcecode.swift; path = ProfileRecipeCollection.swift; sourceTree = "<group>"; };
		26253C4C21AC36D700FC6598 /* CreateIngredientCell.swift */ = {isa = PBXFileReference; fileEncoding = 4; lastKnownFileType = sourcecode.swift; path = CreateIngredientCell.swift; sourceTree = "<group>"; };
		26253C4F21AC440400FC6598 /* AddIngredientCell.swift */ = {isa = PBXFileReference; lastKnownFileType = sourcecode.swift; path = AddIngredientCell.swift; sourceTree = "<group>"; };
		26253C5121AC496E00FC6598 /* UITextField+Ext.swift */ = {isa = PBXFileReference; lastKnownFileType = sourcecode.swift; path = "UITextField+Ext.swift"; sourceTree = "<group>"; };
		26287866218F0D1400CD07C5 /* RFPrimaryBtn.swift */ = {isa = PBXFileReference; lastKnownFileType = sourcecode.swift; path = RFPrimaryBtn.swift; sourceTree = "<group>"; };
		26287869218F0DFE00CD07C5 /* RFColor.swift */ = {isa = PBXFileReference; lastKnownFileType = sourcecode.swift; path = RFColor.swift; sourceTree = "<group>"; };
		2628786B218F0E0800CD07C5 /* RFFont.swift */ = {isa = PBXFileReference; lastKnownFileType = sourcecode.swift; path = RFFont.swift; sourceTree = "<group>"; };
		262FD2AB21B751F6004A29AE /* HomeVM.swift */ = {isa = PBXFileReference; lastKnownFileType = sourcecode.swift; path = HomeVM.swift; sourceTree = "<group>"; };
		263399192188AC640035F4BE /* RegistrationsVC.xib */ = {isa = PBXFileReference; fileEncoding = 4; lastKnownFileType = file.xib; path = RegistrationsVC.xib; sourceTree = "<group>"; };
		2633991A2188AC640035F4BE /* RegistrationsVC.swift */ = {isa = PBXFileReference; fileEncoding = 4; lastKnownFileType = sourcecode.swift; path = RegistrationsVC.swift; sourceTree = "<group>"; };
		2633991C2188AC650035F4BE /* RFCustomTextField.swift */ = {isa = PBXFileReference; fileEncoding = 4; lastKnownFileType = sourcecode.swift; path = RFCustomTextField.swift; sourceTree = "<group>"; };
		263399202188AD020035F4BE /* RF-Bridging-Header.h */ = {isa = PBXFileReference; lastKnownFileType = sourcecode.c.h; path = "RF-Bridging-Header.h"; sourceTree = "<group>"; };
		263399222188B51A0035F4BE /* RFLocalizedString.swift */ = {isa = PBXFileReference; lastKnownFileType = sourcecode.swift; path = RFLocalizedString.swift; sourceTree = "<group>"; };
		263399252188B60B0035F4BE /* eng.strings */ = {isa = PBXFileReference; lastKnownFileType = text.plist.strings; path = eng.strings; sourceTree = "<group>"; };
		26380A2B2197CB8700DFBB82 /* UIView+Ext.swift */ = {isa = PBXFileReference; lastKnownFileType = sourcecode.swift; path = "UIView+Ext.swift"; sourceTree = "<group>"; };
		2638E57D21BAD3FA003BF480 /* StartCookingVM.swift */ = {isa = PBXFileReference; lastKnownFileType = sourcecode.swift; path = StartCookingVM.swift; sourceTree = "<group>"; };
		263BE07421A5182B00AD3A2C /* HomeVC.swift */ = {isa = PBXFileReference; lastKnownFileType = sourcecode.swift; path = HomeVC.swift; sourceTree = "<group>"; };
		263BE07521A5182B00AD3A2C /* HomeVC.xib */ = {isa = PBXFileReference; lastKnownFileType = file.xib; path = HomeVC.xib; sourceTree = "<group>"; };
		263BE07921A51AB200AD3A2C /* HomeHeaderView.swift */ = {isa = PBXFileReference; lastKnownFileType = sourcecode.swift; path = HomeHeaderView.swift; sourceTree = "<group>"; };
		263BE07B21A51AD200AD3A2C /* HomeHeaderView.xib */ = {isa = PBXFileReference; lastKnownFileType = file.xib; path = HomeHeaderView.xib; sourceTree = "<group>"; };
		263E375521AA940B001DDE33 /* RFViewRecipeVC.swift */ = {isa = PBXFileReference; lastKnownFileType = sourcecode.swift; path = RFViewRecipeVC.swift; sourceTree = "<group>"; };
		263E375821AA9AEA001DDE33 /* RFParallaxTableView.swift */ = {isa = PBXFileReference; lastKnownFileType = sourcecode.swift; path = RFParallaxTableView.swift; sourceTree = "<group>"; };
		263E375C21AAC15A001DDE33 /* DescriptionCell.swift */ = {isa = PBXFileReference; lastKnownFileType = sourcecode.swift; path = DescriptionCell.swift; sourceTree = "<group>"; };
		263E376021AAD3CC001DDE33 /* ReviewCell.swift */ = {isa = PBXFileReference; lastKnownFileType = sourcecode.swift; path = ReviewCell.swift; sourceTree = "<group>"; };
		263E376221AADB79001DDE33 /* IngredientsCell.swift */ = {isa = PBXFileReference; lastKnownFileType = sourcecode.swift; path = IngredientsCell.swift; sourceTree = "<group>"; };
		263E376421AAE607001DDE33 /* String+Ext.swift */ = {isa = PBXFileReference; lastKnownFileType = sourcecode.swift; path = "String+Ext.swift"; sourceTree = "<group>"; };
		264D2FF22193258400F66595 /* RFAuthService.swift */ = {isa = PBXFileReference; lastKnownFileType = sourcecode.swift; path = RFAuthService.swift; sourceTree = "<group>"; };
		264D2FF6219325D900F66595 /* RFDataService.swift */ = {isa = PBXFileReference; lastKnownFileType = sourcecode.swift; path = RFDataService.swift; sourceTree = "<group>"; };
		264D2FFA2193582200F66595 /* RegistrationsVM.swift */ = {isa = PBXFileReference; lastKnownFileType = sourcecode.swift; path = RegistrationsVM.swift; sourceTree = "<group>"; };
		264D2FFC21935BB600F66595 /* LoginVM.swift */ = {isa = PBXFileReference; lastKnownFileType = sourcecode.swift; path = LoginVM.swift; sourceTree = "<group>"; };
		264D2FFE21935CD400F66595 /* RFValidations.swift */ = {isa = PBXFileReference; lastKnownFileType = sourcecode.swift; path = RFValidations.swift; sourceTree = "<group>"; };
		2650F9C321A94E20000638DE /* RFTextField.swift */ = {isa = PBXFileReference; lastKnownFileType = sourcecode.swift; path = RFTextField.swift; sourceTree = "<group>"; };
		2650F9C921A96BED000638DE /* RFAdvancedSearchVC.swift */ = {isa = PBXFileReference; fileEncoding = 4; lastKnownFileType = sourcecode.swift; path = RFAdvancedSearchVC.swift; sourceTree = "<group>"; };
		2650F9CC21A9C906000638DE /* CreateVC.swift */ = {isa = PBXFileReference; lastKnownFileType = sourcecode.swift; path = CreateVC.swift; sourceTree = "<group>"; };
		2654966B2188A4B300AFC830 /* RFProfileMenu.framework */ = {isa = PBXFileReference; explicitFileType = wrapper.framework; path = RFProfileMenu.framework; sourceTree = BUILT_PRODUCTS_DIR; };
		2654966D2188A61100AFC830 /* RFProfileMenu.framework */ = {isa = PBXFileReference; explicitFileType = wrapper.framework; path = RFProfileMenu.framework; sourceTree = BUILT_PRODUCTS_DIR; };
		265C167121BD02A600770779 /* ListOfIngredientsVC.swift */ = {isa = PBXFileReference; lastKnownFileType = sourcecode.swift; path = ListOfIngredientsVC.swift; sourceTree = "<group>"; };
		265C167321BD0B8100770779 /* ListOfIngredientsVM.swift */ = {isa = PBXFileReference; lastKnownFileType = sourcecode.swift; path = ListOfIngredientsVM.swift; sourceTree = "<group>"; };
		265EDDD721C36F03001F455C /* RFLocationVC.swift */ = {isa = PBXFileReference; lastKnownFileType = sourcecode.swift; path = RFLocationVC.swift; sourceTree = "<group>"; };
		265EDDDA21C36FF1001F455C /* RFLocationCell.swift */ = {isa = PBXFileReference; lastKnownFileType = sourcecode.swift; path = RFLocationCell.swift; sourceTree = "<group>"; };
		265EDDDB21C36FF1001F455C /* RFLocationCell.xib */ = {isa = PBXFileReference; lastKnownFileType = file.xib; path = RFLocationCell.xib; sourceTree = "<group>"; };
		265EDDDE21C37895001F455C /* UIViewController+Ext.swift */ = {isa = PBXFileReference; lastKnownFileType = sourcecode.swift; path = "UIViewController+Ext.swift"; sourceTree = "<group>"; };
		266C973321A4415100110728 /* MessageHeaderView.swift */ = {isa = PBXFileReference; lastKnownFileType = sourcecode.swift; path = MessageHeaderView.swift; sourceTree = "<group>"; };
		266C973521A4416B00110728 /* MessageHeaderView.xib */ = {isa = PBXFileReference; lastKnownFileType = file.xib; path = MessageHeaderView.xib; sourceTree = "<group>"; };
		2674F821219D051F0002D64C /* DialogView.xib */ = {isa = PBXFileReference; lastKnownFileType = file.xib; path = DialogView.xib; sourceTree = "<group>"; };
		267E202921B95C1000A474CC /* UIImagePickerController+RxSwift.swift */ = {isa = PBXFileReference; lastKnownFileType = sourcecode.swift; path = "UIImagePickerController+RxSwift.swift"; sourceTree = "<group>"; };
		2681C2AB21A6699B00AE98F0 /* HomeCollectionCell.swift */ = {isa = PBXFileReference; lastKnownFileType = sourcecode.swift; path = HomeCollectionCell.swift; sourceTree = "<group>"; };
		2681C2B221A68BED00AE98F0 /* HomeCollectionCell.xib */ = {isa = PBXFileReference; lastKnownFileType = file.xib; path = HomeCollectionCell.xib; sourceTree = "<group>"; };
		2681C2B521A6C5FB00AE98F0 /* RFScreenHelper.swift */ = {isa = PBXFileReference; lastKnownFileType = sourcecode.swift; path = RFScreenHelper.swift; sourceTree = "<group>"; };
		2683CF8A21A7F1E200467B4E /* RFDateHeaderLabel.swift */ = {isa = PBXFileReference; lastKnownFileType = sourcecode.swift; path = RFDateHeaderLabel.swift; sourceTree = "<group>"; };
		268AFC83219962DC00197028 /* RFEnum.swift */ = {isa = PBXFileReference; lastKnownFileType = sourcecode.swift; path = RFEnum.swift; sourceTree = "<group>"; };
		268AFC882199661100197028 /* ProfileDescriptionCellTableViewCell.swift */ = {isa = PBXFileReference; lastKnownFileType = sourcecode.swift; path = ProfileDescriptionCellTableViewCell.swift; sourceTree = "<group>"; };
		268AFC8A2199668400197028 /* RFBaseTableCell.swift */ = {isa = PBXFileReference; lastKnownFileType = sourcecode.swift; path = RFBaseTableCell.swift; sourceTree = "<group>"; };
		26A23B0421A30C0400164B04 /* UserMessageCell.swift */ = {isa = PBXFileReference; fileEncoding = 4; lastKnownFileType = sourcecode.swift; path = UserMessageCell.swift; sourceTree = "<group>"; };
		26A8A390219C6D4700C235FB /* SettingVC.swift */ = {isa = PBXFileReference; lastKnownFileType = sourcecode.swift; path = SettingVC.swift; sourceTree = "<group>"; };
		26ABDBBD21A0581C00F05409 /* RFBaseCollectionCell.swift */ = {isa = PBXFileReference; lastKnownFileType = sourcecode.swift; path = RFBaseCollectionCell.swift; sourceTree = "<group>"; };
		26ABDBC021A0862900F05409 /* ConversationVC.swift */ = {isa = PBXFileReference; lastKnownFileType = sourcecode.swift; path = ConversationVC.swift; sourceTree = "<group>"; };
		26B0125D21C38EB4008250ED /* RFLocation.swift */ = {isa = PBXFileReference; lastKnownFileType = sourcecode.swift; name = RFLocation.swift; path = ResepFinder/Helpers/RFLocation.swift; sourceTree = SOURCE_ROOT; };
		26B0125F21C39964008250ED /* RFLocationVM.swift */ = {isa = PBXFileReference; lastKnownFileType = sourcecode.swift; path = RFLocationVM.swift; sourceTree = "<group>"; };
		26B1814C21BC2AF400B7836A /* MessageVM.swift */ = {isa = PBXFileReference; lastKnownFileType = sourcecode.swift; path = MessageVM.swift; sourceTree = "<group>"; };
		26B2BAB521874B76004B148F /* ResepFinder.app */ = {isa = PBXFileReference; explicitFileType = wrapper.application; includeInIndex = 0; path = ResepFinder.app; sourceTree = BUILT_PRODUCTS_DIR; };
		26B2BAB821874B76004B148F /* AppDelegate.swift */ = {isa = PBXFileReference; lastKnownFileType = sourcecode.swift; path = AppDelegate.swift; sourceTree = "<group>"; };
		26B2BABA21874B76004B148F /* RFTabBarVC.swift */ = {isa = PBXFileReference; lastKnownFileType = sourcecode.swift; path = RFTabBarVC.swift; sourceTree = "<group>"; };
		26B2BABD21874B76004B148F /* Base */ = {isa = PBXFileReference; lastKnownFileType = file.storyboard; name = Base; path = Base.lproj/Main.storyboard; sourceTree = "<group>"; };
		26B2BABF21874B76004B148F /* Assets.xcassets */ = {isa = PBXFileReference; lastKnownFileType = folder.assetcatalog; path = Assets.xcassets; sourceTree = "<group>"; };
		26B2BAC221874B76004B148F /* Base */ = {isa = PBXFileReference; lastKnownFileType = file.storyboard; name = Base; path = Base.lproj/LaunchScreen.storyboard; sourceTree = "<group>"; };
		26B2BAC421874B76004B148F /* Info.plist */ = {isa = PBXFileReference; lastKnownFileType = text.plist.xml; path = Info.plist; sourceTree = "<group>"; };
		26B2BACB21874BE5004B148F /* GoogleService-Info.plist */ = {isa = PBXFileReference; fileEncoding = 4; lastKnownFileType = text.plist.xml; path = "GoogleService-Info.plist"; sourceTree = "<group>"; };
		26C3A35621B11E9B007601D2 /* ProfileVM.swift */ = {isa = PBXFileReference; lastKnownFileType = sourcecode.swift; path = ProfileVM.swift; sourceTree = "<group>"; };
		26C3A35921B12326007601D2 /* RFUser.swift */ = {isa = PBXFileReference; lastKnownFileType = sourcecode.swift; path = RFUser.swift; sourceTree = "<group>"; };
		26C3E1EF21A6F65D0095FBB5 /* UIButton+Ext.swift */ = {isa = PBXFileReference; lastKnownFileType = sourcecode.swift; path = "UIButton+Ext.swift"; sourceTree = "<group>"; };
		26C6963F21A264700020862D /* UserMessageCell.xib */ = {isa = PBXFileReference; lastKnownFileType = file.xib; path = UserMessageCell.xib; sourceTree = "<group>"; };
		26C6964221A26C500020862D /* SearchBar.swift */ = {isa = PBXFileReference; lastKnownFileType = sourcecode.swift; path = SearchBar.swift; sourceTree = "<group>"; };
		26C6964421A26DC20020862D /* SearchUserVC.swift */ = {isa = PBXFileReference; lastKnownFileType = sourcecode.swift; path = SearchUserVC.swift; sourceTree = "<group>"; };
		26C739FE21B3AFEF000B7FAE /* RFProtocols.swift */ = {isa = PBXFileReference; lastKnownFileType = sourcecode.swift; path = RFProtocols.swift; sourceTree = "<group>"; };
		26C73A0221B3B5A8000B7FAE /* RFRecipe.swift */ = {isa = PBXFileReference; lastKnownFileType = sourcecode.swift; path = RFRecipe.swift; sourceTree = "<group>"; };
		26CE274421A2BCCE0040346F /* RFImageView.swift */ = {isa = PBXFileReference; lastKnownFileType = sourcecode.swift; path = RFImageView.swift; sourceTree = "<group>"; };
		26D5EDBA219D7CFB004AFB39 /* DialogView.swift */ = {isa = PBXFileReference; fileEncoding = 4; lastKnownFileType = sourcecode.swift; path = DialogView.swift; sourceTree = "<group>"; };
		26D5EDBC219D7D16004AFB39 /* RFDialogView.swift */ = {isa = PBXFileReference; lastKnownFileType = sourcecode.swift; path = RFDialogView.swift; sourceTree = "<group>"; };
		26D5EDBF219DA42C004AFB39 /* RFTypeAlias.swift */ = {isa = PBXFileReference; lastKnownFileType = sourcecode.swift; path = RFTypeAlias.swift; sourceTree = "<group>"; };
		26DBF3FA2192077800CD77FF /* LoginVC.xib */ = {isa = PBXFileReference; lastKnownFileType = file.xib; path = LoginVC.xib; sourceTree = "<group>"; };
		26DBF3FD219209A200CD77FF /* LoginVC.swift */ = {isa = PBXFileReference; fileEncoding = 4; lastKnownFileType = sourcecode.swift; path = LoginVC.swift; sourceTree = "<group>"; };
		26DFF293219B3EBA0038D9AB /* ProfileDetailsCell.swift */ = {isa = PBXFileReference; lastKnownFileType = sourcecode.swift; path = ProfileDetailsCell.swift; sourceTree = "<group>"; };
		26E092FC219DC81500E7BDD2 /* SettingVM.swift */ = {isa = PBXFileReference; lastKnownFileType = sourcecode.swift; path = SettingVM.swift; sourceTree = "<group>"; };
		26E7008721ABA3F1001A8F7C /* StartCookingVC.swift */ = {isa = PBXFileReference; lastKnownFileType = sourcecode.swift; path = StartCookingVC.swift; sourceTree = "<group>"; };
		26E7008D21ABCDFB001A8F7C /* StepsCell.swift */ = {isa = PBXFileReference; lastKnownFileType = sourcecode.swift; path = StepsCell.swift; sourceTree = "<group>"; };
		26E7009021ABE690001A8F7C /* CreateReviewsCell.swift */ = {isa = PBXFileReference; lastKnownFileType = sourcecode.swift; path = CreateReviewsCell.swift; sourceTree = "<group>"; };
		26E7009321ABF26B001A8F7C /* UploadCell.swift */ = {isa = PBXFileReference; lastKnownFileType = sourcecode.swift; path = UploadCell.swift; sourceTree = "<group>"; };
		26E7009621ABF806001A8F7C /* RecipeDetailCell.swift */ = {isa = PBXFileReference; lastKnownFileType = sourcecode.swift; path = RecipeDetailCell.swift; sourceTree = "<group>"; };
		26E9F2EE21B6C366006D1FB9 /* ProfileRecipeCollectionVM.swift */ = {isa = PBXFileReference; lastKnownFileType = sourcecode.swift; path = ProfileRecipeCollectionVM.swift; sourceTree = "<group>"; };
		26E9F2F021B6CA46006D1FB9 /* UIImage+Ext.swift */ = {isa = PBXFileReference; lastKnownFileType = sourcecode.swift; path = "UIImage+Ext.swift"; sourceTree = "<group>"; };
		26E9F2F321B6CB50006D1FB9 /* CachedImageView.swift */ = {isa = PBXFileReference; fileEncoding = 4; lastKnownFileType = sourcecode.swift; path = CachedImageView.swift; sourceTree = "<group>"; };
		26E9F2F421B6CB51006D1FB9 /* DiscardableImageCacheItem.swift */ = {isa = PBXFileReference; fileEncoding = 4; lastKnownFileType = sourcecode.swift; path = DiscardableImageCacheItem.swift; sourceTree = "<group>"; };
		26EBFC0421BD5AA900008C77 /* RecipeListCell.swift */ = {isa = PBXFileReference; lastKnownFileType = sourcecode.swift; path = RecipeListCell.swift; sourceTree = "<group>"; };
		26F3224921A4122E00EDEC7F /* MessageCell.swift */ = {isa = PBXFileReference; lastKnownFileType = sourcecode.swift; path = MessageCell.swift; sourceTree = "<group>"; };
		26F3224B21A4188900EDEC7F /* MessageVC.swift */ = {isa = PBXFileReference; lastKnownFileType = sourcecode.swift; path = MessageVC.swift; sourceTree = "<group>"; };
		26F3ABD421B3E7DE00E33834 /* RFRecipeService.swift */ = {isa = PBXFileReference; lastKnownFileType = sourcecode.swift; path = RFRecipeService.swift; sourceTree = "<group>"; };
		26F3ABD621B3F47500E33834 /* CreateVM.swift */ = {isa = PBXFileReference; lastKnownFileType = sourcecode.swift; path = CreateVM.swift; sourceTree = "<group>"; };
		26F3ABD821B3FA4300E33834 /* CreatIngredientVM.swift */ = {isa = PBXFileReference; lastKnownFileType = sourcecode.swift; path = CreatIngredientVM.swift; sourceTree = "<group>"; };
		26F3ABDA21B3FB9000E33834 /* AddIngredientVM.swift */ = {isa = PBXFileReference; lastKnownFileType = sourcecode.swift; path = AddIngredientVM.swift; sourceTree = "<group>"; };
		26F72E4A21952E60008129A0 /* RFBaseController.swift */ = {isa = PBXFileReference; lastKnownFileType = sourcecode.swift; path = RFBaseController.swift; sourceTree = "<group>"; };
		26FD0BFA21B4D7DF00D9C540 /* AddStepVM.swift */ = {isa = PBXFileReference; lastKnownFileType = sourcecode.swift; path = AddStepVM.swift; sourceTree = "<group>"; };
		26FD0BFC21B4D7E900D9C540 /* CreateStepsVM.swift */ = {isa = PBXFileReference; lastKnownFileType = sourcecode.swift; path = CreateStepsVM.swift; sourceTree = "<group>"; };
		26FDAEE321ACFF5B00758D33 /* CreateStepsCell.swift */ = {isa = PBXFileReference; lastKnownFileType = sourcecode.swift; path = CreateStepsCell.swift; sourceTree = "<group>"; };
		26FDAEE621ACFF7C00758D33 /* AddStepsCell.swift */ = {isa = PBXFileReference; lastKnownFileType = sourcecode.swift; path = AddStepsCell.swift; sourceTree = "<group>"; };
		29937144E2B89E09C074755A /* Pods-ResepFinder.debug.xcconfig */ = {isa = PBXFileReference; includeInIndex = 1; lastKnownFileType = text.xcconfig; name = "Pods-ResepFinder.debug.xcconfig"; path = "Pods/Target Support Files/Pods-ResepFinder/Pods-ResepFinder.debug.xcconfig"; sourceTree = "<group>"; };
		3C192D2821C52F7F00F5ACB1 /* RFFunction.swift */ = {isa = PBXFileReference; lastKnownFileType = sourcecode.swift; path = RFFunction.swift; sourceTree = "<group>"; };
		3C192D2B21C5368100F5ACB1 /* RFReviewVC.swift */ = {isa = PBXFileReference; lastKnownFileType = sourcecode.swift; path = RFReviewVC.swift; sourceTree = "<group>"; };
		3C63EC2821BECA7A00661D9D /* DetailIngredientsVC.swift */ = {isa = PBXFileReference; lastKnownFileType = sourcecode.swift; path = DetailIngredientsVC.swift; sourceTree = "<group>"; };
		3C63EC2A21BECB6900661D9D /* DetailIngredientsVM.swift */ = {isa = PBXFileReference; lastKnownFileType = sourcecode.swift; path = DetailIngredientsVM.swift; sourceTree = "<group>"; };
		5DE5EC465E1A8CB3A3F6CDB0 /* Pods_ResepFinder.framework */ = {isa = PBXFileReference; explicitFileType = wrapper.framework; includeInIndex = 0; path = Pods_ResepFinder.framework; sourceTree = BUILT_PRODUCTS_DIR; };
/* End PBXFileReference section */

/* Begin PBXFrameworksBuildPhase section */
		26B2BAB221874B76004B148F /* Frameworks */ = {
			isa = PBXFrameworksBuildPhase;
			buildActionMask = 2147483647;
			files = (
				F9561E5DE3860D00424A1AD9 /* Pods_ResepFinder.framework in Frameworks */,
			);
			runOnlyForDeploymentPostprocessing = 0;
		};
/* End PBXFrameworksBuildPhase section */

/* Begin PBXGroup section */
		2600F721219726A90046239C /* Profile */ = {
			isa = PBXGroup;
			children = (
				26A8A38F219C6CF600C235FB /* Settings */,
				2681C2A821A668D000AE98F0 /* Cell */,
				2600F722219726E80046239C /* ProfileVC.swift */,
				26C3A35621B11E9B007601D2 /* ProfileVM.swift */,
			);
			path = Profile;
			sourceTree = "<group>";
		};
		260450492192A1DB000A128E /* Services */ = {
			isa = PBXGroup;
			children = (
				260F320221BB9E2B00A85A43 /* Conversation */,
				26F3ABD321B3E7C500E33834 /* Recipes */,
				264D2FF12193257900F66595 /* Account */,
				264D2FF6219325D900F66595 /* RFDataService.swift */,
			);
			path = Services;
			sourceTree = "<group>";
		};
		2607290A218F4D6700140AF9 /* Fonts */ = {
			isa = PBXGroup;
			children = (
				2607290E218F4D7100140AF9 /* Montserrat-Bold.otf */,
				26072910218F4D7100140AF9 /* Montserrat-Light.otf */,
				2607290F218F4D7100140AF9 /* Montserrat-Regular.otf */,
				2607290D218F4D7000140AF9 /* Montserrat-SemiBold.otf */,
			);
			path = Fonts;
			sourceTree = "<group>";
		};
		260F320221BB9E2B00A85A43 /* Conversation */ = {
			isa = PBXGroup;
			children = (
				260F320321BB9E4500A85A43 /* RFConversationService.swift */,
			);
			path = Conversation;
			sourceTree = "<group>";
		};
		2620805021A005D0008DFCD6 /* Recipe */ = {
			isa = PBXGroup;
			children = (
				2620805121A00B79008DFCD6 /* RFRecipeCell.swift */,
			);
			path = Recipe;
			sourceTree = "<group>";
		};
		26253C4E21AC43D400FC6598 /* AddCell */ = {
			isa = PBXGroup;
			children = (
				26253C4F21AC440400FC6598 /* AddIngredientCell.swift */,
				26F3ABDA21B3FB9000E33834 /* AddIngredientVM.swift */,
			);
			name = AddCell;
			sourceTree = "<group>";
		};
		26287868218F0DDD00CD07C5 /* Components */ = {
			isa = PBXGroup;
			children = (
				26287866218F0D1400CD07C5 /* RFPrimaryBtn.swift */,
				26CE274421A2BCCE0040346F /* RFImageView.swift */,
				2633991C2188AC650035F4BE /* RFCustomTextField.swift */,
				2650F9C321A94E20000638DE /* RFTextField.swift */,
			);
			path = Components;
			sourceTree = "<group>";
		};
		263399182188AC640035F4BE /* Registration */ = {
			isa = PBXGroup;
			children = (
				2633991A2188AC640035F4BE /* RegistrationsVC.swift */,
				263399192188AC640035F4BE /* RegistrationsVC.xib */,
				264D2FFA2193582200F66595 /* RegistrationsVM.swift */,
			);
			path = Registration;
			sourceTree = "<group>";
		};
		2633991B2188AC650035F4BE /* Common */ = {
			isa = PBXGroup;
			children = (
				26E9F2F221B6CB48006D1FB9 /* Custom */,
				26C739FD21B3AFE6000B7FAE /* Protocols */,
				26D5EDBE219DA420004AFB39 /* TypeAlias */,
				26380A2A2197CB6800DFBB82 /* Extensions */,
				26287868218F0DDD00CD07C5 /* Components */,
			);
			path = Common;
			sourceTree = "<group>";
		};
		263399212188B4D70035F4BE /* Helpers */ = {
			isa = PBXGroup;
			children = (
				263399222188B51A0035F4BE /* RFLocalizedString.swift */,
				26287869218F0DFE00CD07C5 /* RFColor.swift */,
				2628786B218F0E0800CD07C5 /* RFFont.swift */,
				264D2FFE21935CD400F66595 /* RFValidations.swift */,
				268AFC83219962DC00197028 /* RFEnum.swift */,
				2681C2B521A6C5FB00AE98F0 /* RFScreenHelper.swift */,
				3C192D2821C52F7F00F5ACB1 /* RFFunction.swift */,
			);
			path = Helpers;
			sourceTree = "<group>";
		};
		263399242188B5F10035F4BE /* LocalizedStrings */ = {
			isa = PBXGroup;
			children = (
				263399252188B60B0035F4BE /* eng.strings */,
			);
			path = LocalizedStrings;
			sourceTree = "<group>";
		};
		26380A2A2197CB6800DFBB82 /* Extensions */ = {
			isa = PBXGroup;
			children = (
				26380A2B2197CB8700DFBB82 /* UIView+Ext.swift */,
				26C3E1EF21A6F65D0095FBB5 /* UIButton+Ext.swift */,
				263E376421AAE607001DDE33 /* String+Ext.swift */,
				26253C5121AC496E00FC6598 /* UITextField+Ext.swift */,
				26E9F2F021B6CA46006D1FB9 /* UIImage+Ext.swift */,
				267E202921B95C1000A474CC /* UIImagePickerController+RxSwift.swift */,
				265EDDDE21C37895001F455C /* UIViewController+Ext.swift */,
			);
			path = Extensions;
			sourceTree = "<group>";
		};
		263BE07321A517FA00AD3A2C /* Home */ = {
			isa = PBXGroup;
			children = (
				2681C2A621A668AD00AE98F0 /* View */,
				2681C2A521A668A500AE98F0 /* Cell */,
				263BE07421A5182B00AD3A2C /* HomeVC.swift */,
				262FD2AB21B751F6004A29AE /* HomeVM.swift */,
				263BE07521A5182B00AD3A2C /* HomeVC.xib */,
			);
			path = Home;
			sourceTree = "<group>";
		};
		263E375721AA997F001DDE33 /* Parallax */ = {
			isa = PBXGroup;
			children = (
				263E375821AA9AEA001DDE33 /* RFParallaxTableView.swift */,
			);
			path = Parallax;
			sourceTree = "<group>";
		};
		263E375A21AABF14001DDE33 /* ViewRecipeDetail */ = {
			isa = PBXGroup;
			children = (
				26E7008B21ABCDCB001A8F7C /* StartCooking */,
				263E375F21AAD337001DDE33 /* IngredientsCell */,
				263E375B21AAC11F001DDE33 /* DescriptionCell */,
				263E375E21AAD326001DDE33 /* ReviewCell */,
				263E375521AA940B001DDE33 /* RFViewRecipeVC.swift */,
				2608521821B773FB002C7AA4 /* RFViewRecipeVM.swift */,
			);
			path = ViewRecipeDetail;
			sourceTree = "<group>";
		};
		263E375B21AAC11F001DDE33 /* DescriptionCell */ = {
			isa = PBXGroup;
			children = (
				263E375C21AAC15A001DDE33 /* DescriptionCell.swift */,
			);
			name = DescriptionCell;
			sourceTree = "<group>";
		};
		263E375E21AAD326001DDE33 /* ReviewCell */ = {
			isa = PBXGroup;
			children = (
				263E376021AAD3CC001DDE33 /* ReviewCell.swift */,
			);
			name = ReviewCell;
			sourceTree = "<group>";
		};
		263E375F21AAD337001DDE33 /* IngredientsCell */ = {
			isa = PBXGroup;
			children = (
				263E376221AADB79001DDE33 /* IngredientsCell.swift */,
			);
			name = IngredientsCell;
			sourceTree = "<group>";
		};
		264D2FF12193257900F66595 /* Account */ = {
			isa = PBXGroup;
			children = (
				264D2FF22193258400F66595 /* RFAuthService.swift */,
			);
			path = Account;
			sourceTree = "<group>";
		};
		2650F9CB21A9C8E4000638DE /* CreateRecipe */ = {
			isa = PBXGroup;
			children = (
				26E7009921ABFDCC001A8F7C /* Step */,
				26E7009821ABFDC3001A8F7C /* Ingredient */,
				26E7009221ABF25C001A8F7C /* Upload */,
				26E7009521ABF7E8001A8F7C /* RecipeDetail */,
				2650F9CC21A9C906000638DE /* CreateVC.swift */,
				26F3ABD621B3F47500E33834 /* CreateVM.swift */,
			);
			path = CreateRecipe;
			sourceTree = "<group>";
		};
		265C167021BD028700770779 /* ListOfIngredients */ = {
			isa = PBXGroup;
			children = (
				26EBFC0321BD5A1F00008C77 /* Cell */,
				265C167121BD02A600770779 /* ListOfIngredientsVC.swift */,
				265C167321BD0B8100770779 /* ListOfIngredientsVM.swift */,
				3C63EC2821BECA7A00661D9D /* DetailIngredientsVC.swift */,
				3C63EC2A21BECB6900661D9D /* DetailIngredientsVM.swift */,
			);
			path = ListOfIngredients;
			sourceTree = "<group>";
		};
		265EDDD621C36ED0001F455C /* Location */ = {
			isa = PBXGroup;
			children = (
				265EDDD921C36FD5001F455C /* Cell */,
				265EDDD721C36F03001F455C /* RFLocationVC.swift */,
				26B0125F21C39964008250ED /* RFLocationVM.swift */,
			);
			path = Location;
			sourceTree = "<group>";
		};
		265EDDD921C36FD5001F455C /* Cell */ = {
			isa = PBXGroup;
			children = (
				265EDDDA21C36FF1001F455C /* RFLocationCell.swift */,
				265EDDDB21C36FF1001F455C /* RFLocationCell.xib */,
			);
			path = Cell;
			sourceTree = "<group>";
		};
		2681C2A521A668A500AE98F0 /* Cell */ = {
			isa = PBXGroup;
			children = (
				2681C2AB21A6699B00AE98F0 /* HomeCollectionCell.swift */,
				2681C2B221A68BED00AE98F0 /* HomeCollectionCell.xib */,
			);
			path = Cell;
			sourceTree = "<group>";
		};
		2681C2A621A668AD00AE98F0 /* View */ = {
			isa = PBXGroup;
			children = (
				263BE07921A51AB200AD3A2C /* HomeHeaderView.swift */,
				263BE07B21A51AD200AD3A2C /* HomeHeaderView.xib */,
			);
			path = View;
			sourceTree = "<group>";
		};
		2681C2A821A668D000AE98F0 /* Cell */ = {
			isa = PBXGroup;
			children = (
				268AFC882199661100197028 /* ProfileDescriptionCellTableViewCell.swift */,
				26DFF293219B3EBA0038D9AB /* ProfileDetailsCell.swift */,
				2620805321A00BAC008DFCD6 /* ProfileRecipeCollection.swift */,
				26E9F2EE21B6C366006D1FB9 /* ProfileRecipeCollectionVM.swift */,
			);
			path = Cell;
			sourceTree = "<group>";
		};
		2681C2A921A668EE00AE98F0 /* View */ = {
			isa = PBXGroup;
			children = (
				266C973321A4415100110728 /* MessageHeaderView.swift */,
				266C973521A4416B00110728 /* MessageHeaderView.xib */,
			);
			path = View;
			sourceTree = "<group>";
		};
		2681C2AA21A668F300AE98F0 /* Cell */ = {
			isa = PBXGroup;
			children = (
				26A23B0421A30C0400164B04 /* UserMessageCell.swift */,
				26C6963F21A264700020862D /* UserMessageCell.xib */,
				26F3224921A4122E00EDEC7F /* MessageCell.swift */,
			);
			path = Cell;
			sourceTree = "<group>";
		};
		2683CF8921A7F1C300467B4E /* Date */ = {
			isa = PBXGroup;
			children = (
				2683CF8A21A7F1E200467B4E /* RFDateHeaderLabel.swift */,
			);
			path = Date;
			sourceTree = "<group>";
		};
		26A8A38F219C6CF600C235FB /* Settings */ = {
			isa = PBXGroup;
			children = (
				26A8A390219C6D4700C235FB /* SettingVC.swift */,
				26E092FC219DC81500E7BDD2 /* SettingVM.swift */,
			);
			name = Settings;
			sourceTree = "<group>";
		};
		26A8A392219C742000C235FB /* Dialog */ = {
			isa = PBXGroup;
			children = (
				26D5EDBA219D7CFB004AFB39 /* DialogView.swift */,
				2674F821219D051F0002D64C /* DialogView.xib */,
				26D5EDBC219D7D16004AFB39 /* RFDialogView.swift */,
			);
			path = Dialog;
			sourceTree = "<group>";
		};
		26ABDBBF21A0854E00F05409 /* Conversation */ = {
			isa = PBXGroup;
			children = (
				2681C2A921A668EE00AE98F0 /* View */,
				2681C2AA21A668F300AE98F0 /* Cell */,
				26F3224B21A4188900EDEC7F /* MessageVC.swift */,
				26ABDBC021A0862900F05409 /* ConversationVC.swift */,
				26C6964421A26DC20020862D /* SearchUserVC.swift */,
				260F320521BBAE5500A85A43 /* SearchUserVM.swift */,
				260F320921BC0B9E00A85A43 /* ConversationVM.swift */,
				26B1814C21BC2AF400B7836A /* MessageVM.swift */,
			);
			path = Conversation;
			sourceTree = "<group>";
		};
		26B2BAAC21874B76004B148F = {
			isa = PBXGroup;
			children = (
				26B2BAB721874B76004B148F /* ResepFinder */,
				26B2BAB621874B76004B148F /* Products */,
				2E8AC51B5BB8A0AD72D4DB4C /* Pods */,
				A83840CDDEA6052743F9236E /* Frameworks */,
			);
			sourceTree = "<group>";
		};
		26B2BAB621874B76004B148F /* Products */ = {
			isa = PBXGroup;
			children = (
				26B2BAB521874B76004B148F /* ResepFinder.app */,
			);
			name = Products;
			sourceTree = "<group>";
		};
		26B2BAB721874B76004B148F /* ResepFinder */ = {
			isa = PBXGroup;
			children = (
				26C3A35821B1231E007601D2 /* Model */,
				260450492192A1DB000A128E /* Services */,
				263399212188B4D70035F4BE /* Helpers */,
				2633991B2188AC650035F4BE /* Common */,
				26E8DDCC2196A6A80040AD32 /* SharedView */,
				263E375A21AABF14001DDE33 /* ViewRecipeDetail */,
				265C167021BD028700770779 /* ListOfIngredients */,
				263BE07321A517FA00AD3A2C /* Home */,
				2650F9CB21A9C8E4000638DE /* CreateRecipe */,
				26ABDBBF21A0854E00F05409 /* Conversation */,
				2600F721219726A90046239C /* Profile */,
				26DBF3F82191FE6500CD77FF /* Login */,
				263399182188AC640035F4BE /* Registration */,
				265EDDD621C36ED0001F455C /* Location */,
				3C192D2A21C5365F00F5ACB1 /* Review */,
				26B2BAB821874B76004B148F /* AppDelegate.swift */,
				26B2BABC21874B76004B148F /* Main.storyboard */,
				263399242188B5F10035F4BE /* LocalizedStrings */,
				26B2BACA21874B88004B148F /* SupportingFiles */,
				26B2BABA21874B76004B148F /* RFTabBarVC.swift */,
				26F72E4A21952E60008129A0 /* RFBaseController.swift */,
				268AFC8A2199668400197028 /* RFBaseTableCell.swift */,
				26ABDBBD21A0581C00F05409 /* RFBaseCollectionCell.swift */,
				2650F9C921A96BED000638DE /* RFAdvancedSearchVC.swift */,
			);
			path = ResepFinder;
			sourceTree = "<group>";
		};
		26B2BACA21874B88004B148F /* SupportingFiles */ = {
			isa = PBXGroup;
			children = (
				2607290A218F4D6700140AF9 /* Fonts */,
				26B2BACB21874BE5004B148F /* GoogleService-Info.plist */,
				26B2BABF21874B76004B148F /* Assets.xcassets */,
				26B2BAC121874B76004B148F /* LaunchScreen.storyboard */,
				26B2BAC421874B76004B148F /* Info.plist */,
				263399202188AD020035F4BE /* RF-Bridging-Header.h */,
			);
			path = SupportingFiles;
			sourceTree = "<group>";
		};
		26C3A35821B1231E007601D2 /* Model */ = {
			isa = PBXGroup;
			children = (
				26C3A35921B12326007601D2 /* RFUser.swift */,
				26C73A0221B3B5A8000B7FAE /* RFRecipe.swift */,
				26144B6321B42828001BCEA5 /* RFIngredient.swift */,
				260F320721BBE48100A85A43 /* RFConversation.swift */,
				26B0125D21C38EB4008250ED /* RFLocation.swift */,
			);
			path = Model;
			sourceTree = "<group>";
		};
		26C739FD21B3AFE6000B7FAE /* Protocols */ = {
			isa = PBXGroup;
			children = (
				26C739FE21B3AFEF000B7FAE /* RFProtocols.swift */,
			);
			path = Protocols;
			sourceTree = "<group>";
		};
		26D5EDBE219DA420004AFB39 /* TypeAlias */ = {
			isa = PBXGroup;
			children = (
				26D5EDBF219DA42C004AFB39 /* RFTypeAlias.swift */,
			);
			path = TypeAlias;
			sourceTree = "<group>";
		};
		26DBF3F82191FE6500CD77FF /* Login */ = {
			isa = PBXGroup;
			children = (
				26DBF3FD219209A200CD77FF /* LoginVC.swift */,
				26DBF3FA2192077800CD77FF /* LoginVC.xib */,
				264D2FFC21935BB600F66595 /* LoginVM.swift */,
			);
			path = Login;
			sourceTree = "<group>";
		};
		26E7008B21ABCDCB001A8F7C /* StartCooking */ = {
			isa = PBXGroup;
			children = (
				26E7008F21ABE678001A8F7C /* CreateReviewCell */,
				26E7008C21ABCDDC001A8F7C /* StepsCell */,
				26E7008721ABA3F1001A8F7C /* StartCookingVC.swift */,
				2638E57D21BAD3FA003BF480 /* StartCookingVM.swift */,
			);
			path = StartCooking;
			sourceTree = "<group>";
		};
		26E7008C21ABCDDC001A8F7C /* StepsCell */ = {
			isa = PBXGroup;
			children = (
				26E7008D21ABCDFB001A8F7C /* StepsCell.swift */,
			);
			name = StepsCell;
			sourceTree = "<group>";
		};
		26E7008F21ABE678001A8F7C /* CreateReviewCell */ = {
			isa = PBXGroup;
			children = (
				26E7009021ABE690001A8F7C /* CreateReviewsCell.swift */,
			);
			name = CreateReviewCell;
			sourceTree = "<group>";
		};
		26E7009221ABF25C001A8F7C /* Upload */ = {
			isa = PBXGroup;
			children = (
				26E7009321ABF26B001A8F7C /* UploadCell.swift */,
			);
			name = Upload;
			sourceTree = "<group>";
		};
		26E7009521ABF7E8001A8F7C /* RecipeDetail */ = {
			isa = PBXGroup;
			children = (
				26E7009621ABF806001A8F7C /* RecipeDetailCell.swift */,
				26144B6121B42556001BCEA5 /* RecipeDetailVM.swift */,
			);
			name = RecipeDetail;
			sourceTree = "<group>";
		};
		26E7009821ABFDC3001A8F7C /* Ingredient */ = {
			isa = PBXGroup;
			children = (
				26253C4E21AC43D400FC6598 /* AddCell */,
				26253C4C21AC36D700FC6598 /* CreateIngredientCell.swift */,
				26F3ABD821B3FA4300E33834 /* CreatIngredientVM.swift */,
			);
			name = Ingredient;
			sourceTree = "<group>";
		};
		26E7009921ABFDCC001A8F7C /* Step */ = {
			isa = PBXGroup;
			children = (
				26FDAEE521ACFF6D00758D33 /* AddCell */,
				26FDAEE321ACFF5B00758D33 /* CreateStepsCell.swift */,
				26FD0BFC21B4D7E900D9C540 /* CreateStepsVM.swift */,
			);
			name = Step;
			sourceTree = "<group>";
		};
		26E8DDCC2196A6A80040AD32 /* SharedView */ = {
			isa = PBXGroup;
			children = (
				263E375721AA997F001DDE33 /* Parallax */,
				2683CF8921A7F1C300467B4E /* Date */,
				2620805021A005D0008DFCD6 /* Recipe */,
				26A8A392219C742000C235FB /* Dialog */,
				26E8DDCE2196A6F60040AD32 /* Location */,
				26E8DDCD2196A6BB0040AD32 /* Searchbar */,
			);
			path = SharedView;
			sourceTree = "<group>";
		};
		26E8DDCD2196A6BB0040AD32 /* Searchbar */ = {
			isa = PBXGroup;
			children = (
				26C6964221A26C500020862D /* SearchBar.swift */,
			);
			path = Searchbar;
			sourceTree = "<group>";
		};
		26E8DDCE2196A6F60040AD32 /* Location */ = {
			isa = PBXGroup;
			children = (
			);
			path = Location;
			sourceTree = "<group>";
		};
		26E9F2F221B6CB48006D1FB9 /* Custom */ = {
			isa = PBXGroup;
			children = (
				26E9F2F321B6CB50006D1FB9 /* CachedImageView.swift */,
				26E9F2F421B6CB51006D1FB9 /* DiscardableImageCacheItem.swift */,
			);
			path = Custom;
			sourceTree = "<group>";
		};
		26EBFC0321BD5A1F00008C77 /* Cell */ = {
			isa = PBXGroup;
			children = (
				26EBFC0421BD5AA900008C77 /* RecipeListCell.swift */,
			);
			path = Cell;
			sourceTree = "<group>";
		};
		26F3ABD321B3E7C500E33834 /* Recipes */ = {
			isa = PBXGroup;
			children = (
				26F3ABD421B3E7DE00E33834 /* RFRecipeService.swift */,
			);
			path = Recipes;
			sourceTree = "<group>";
		};
		26FDAEE521ACFF6D00758D33 /* AddCell */ = {
			isa = PBXGroup;
			children = (
				26FDAEE621ACFF7C00758D33 /* AddStepsCell.swift */,
				26FD0BFA21B4D7DF00D9C540 /* AddStepVM.swift */,
			);
			name = AddCell;
			sourceTree = "<group>";
		};
		2E8AC51B5BB8A0AD72D4DB4C /* Pods */ = {
			isa = PBXGroup;
			children = (
				29937144E2B89E09C074755A /* Pods-ResepFinder.debug.xcconfig */,
				17C1C4AF62C0DDD2FFCDFFB8 /* Pods-ResepFinder.release.xcconfig */,
			);
			name = Pods;
			sourceTree = "<group>";
		};
		3C192D2A21C5365F00F5ACB1 /* Review */ = {
			isa = PBXGroup;
			children = (
				3C192D2B21C5368100F5ACB1 /* RFReviewVC.swift */,
			);
			path = Review;
			sourceTree = "<group>";
		};
		A83840CDDEA6052743F9236E /* Frameworks */ = {
			isa = PBXGroup;
			children = (
				2654966D2188A61100AFC830 /* RFProfileMenu.framework */,
				2654966B2188A4B300AFC830 /* RFProfileMenu.framework */,
				5DE5EC465E1A8CB3A3F6CDB0 /* Pods_ResepFinder.framework */,
			);
			name = Frameworks;
			sourceTree = "<group>";
		};
/* End PBXGroup section */

/* Begin PBXNativeTarget section */
		26B2BAB421874B76004B148F /* ResepFinder */ = {
			isa = PBXNativeTarget;
			buildConfigurationList = 26B2BAC721874B76004B148F /* Build configuration list for PBXNativeTarget "ResepFinder" */;
			buildPhases = (
				9964C68B19D2337BD87D112C /* [CP] Check Pods Manifest.lock */,
				26B2BAB121874B76004B148F /* Sources */,
				26B2BAB221874B76004B148F /* Frameworks */,
				26B2BAB321874B76004B148F /* Resources */,
				1024975D613DEF04F64F6B5B /* [CP] Embed Pods Frameworks */,
			);
			buildRules = (
			);
			dependencies = (
			);
			name = ResepFinder;
			productName = ResepFinder;
			productReference = 26B2BAB521874B76004B148F /* ResepFinder.app */;
			productType = "com.apple.product-type.application";
		};
/* End PBXNativeTarget section */

/* Begin PBXProject section */
		26B2BAAD21874B76004B148F /* Project object */ = {
			isa = PBXProject;
			attributes = {
				LastSwiftUpdateCheck = 1000;
				LastUpgradeCheck = 1000;
				ORGANIZATIONNAME = "William Huang";
				TargetAttributes = {
					26B2BAB421874B76004B148F = {
						CreatedOnToolsVersion = 10.0;
					};
				};
			};
			buildConfigurationList = 26B2BAB021874B76004B148F /* Build configuration list for PBXProject "ResepFinder" */;
			compatibilityVersion = "Xcode 9.3";
			developmentRegion = en;
			hasScannedForEncodings = 0;
			knownRegions = (
				en,
				Base,
			);
			mainGroup = 26B2BAAC21874B76004B148F;
			productRefGroup = 26B2BAB621874B76004B148F /* Products */;
			projectDirPath = "";
			projectRoot = "";
			targets = (
				26B2BAB421874B76004B148F /* ResepFinder */,
			);
		};
/* End PBXProject section */

/* Begin PBXResourcesBuildPhase section */
		26B2BAB321874B76004B148F /* Resources */ = {
			isa = PBXResourcesBuildPhase;
			buildActionMask = 2147483647;
			files = (
				26072911218F4FF100140AF9 /* Montserrat-Bold.otf in Resources */,
				26072912218F4FF100140AF9 /* Montserrat-Light.otf in Resources */,
				26072913218F4FF100140AF9 /* Montserrat-Regular.otf in Resources */,
				26072914218F4FF100140AF9 /* Montserrat-SemiBold.otf in Resources */,
				263BE07C21A51AD200AD3A2C /* HomeHeaderView.xib in Resources */,
				2633991D2188AC650035F4BE /* RegistrationsVC.xib in Resources */,
				26C6964121A264700020862D /* UserMessageCell.xib in Resources */,
				266C973621A4416B00110728 /* MessageHeaderView.xib in Resources */,
				26B2BAC321874B76004B148F /* LaunchScreen.storyboard in Resources */,
				26B2BACC21874BE5004B148F /* GoogleService-Info.plist in Resources */,
				263BE07721A5182B00AD3A2C /* HomeVC.xib in Resources */,
				26B2BAC021874B76004B148F /* Assets.xcassets in Resources */,
				26B2BABE21874B76004B148F /* Main.storyboard in Resources */,
				2674F822219D051F0002D64C /* DialogView.xib in Resources */,
				265EDDDD21C36FF1001F455C /* RFLocationCell.xib in Resources */,
				2681C2B421A68BED00AE98F0 /* HomeCollectionCell.xib in Resources */,
				263399262188B60B0035F4BE /* eng.strings in Resources */,
				26DBF3FC2192077800CD77FF /* LoginVC.xib in Resources */,
			);
			runOnlyForDeploymentPostprocessing = 0;
		};
/* End PBXResourcesBuildPhase section */

/* Begin PBXShellScriptBuildPhase section */
		1024975D613DEF04F64F6B5B /* [CP] Embed Pods Frameworks */ = {
			isa = PBXShellScriptBuildPhase;
			buildActionMask = 2147483647;
			files = (
			);
			inputPaths = (
				"${SRCROOT}/Pods/Target Support Files/Pods-ResepFinder/Pods-ResepFinder-frameworks.sh",
				"${BUILT_PRODUCTS_DIR}/GTMSessionFetcher/GTMSessionFetcher.framework",
				"${BUILT_PRODUCTS_DIR}/GoogleUtilities/GoogleUtilities.framework",
				"${BUILT_PRODUCTS_DIR}/IQKeyboardManagerSwift/IQKeyboardManagerSwift.framework",
				"${BUILT_PRODUCTS_DIR}/JVFloatLabeledTextField/JVFloatLabeledTextField.framework",
				"${BUILT_PRODUCTS_DIR}/RxCocoa/RxCocoa.framework",
				"${BUILT_PRODUCTS_DIR}/RxGesture/RxGesture.framework",
				"${BUILT_PRODUCTS_DIR}/RxSwift/RxSwift.framework",
				"${BUILT_PRODUCTS_DIR}/SVProgressHUD/SVProgressHUD.framework",
				"${BUILT_PRODUCTS_DIR}/TPKeyboardAvoiding/TPKeyboardAvoiding.framework",
				"${BUILT_PRODUCTS_DIR}/leveldb-library/leveldb.framework",
				"${BUILT_PRODUCTS_DIR}/nanopb/nanopb.framework",
			);
			name = "[CP] Embed Pods Frameworks";
			outputPaths = (
				"${TARGET_BUILD_DIR}/${FRAMEWORKS_FOLDER_PATH}/GTMSessionFetcher.framework",
				"${TARGET_BUILD_DIR}/${FRAMEWORKS_FOLDER_PATH}/GoogleUtilities.framework",
				"${TARGET_BUILD_DIR}/${FRAMEWORKS_FOLDER_PATH}/IQKeyboardManagerSwift.framework",
				"${TARGET_BUILD_DIR}/${FRAMEWORKS_FOLDER_PATH}/JVFloatLabeledTextField.framework",
				"${TARGET_BUILD_DIR}/${FRAMEWORKS_FOLDER_PATH}/RxCocoa.framework",
				"${TARGET_BUILD_DIR}/${FRAMEWORKS_FOLDER_PATH}/RxGesture.framework",
				"${TARGET_BUILD_DIR}/${FRAMEWORKS_FOLDER_PATH}/RxSwift.framework",
				"${TARGET_BUILD_DIR}/${FRAMEWORKS_FOLDER_PATH}/SVProgressHUD.framework",
				"${TARGET_BUILD_DIR}/${FRAMEWORKS_FOLDER_PATH}/TPKeyboardAvoiding.framework",
				"${TARGET_BUILD_DIR}/${FRAMEWORKS_FOLDER_PATH}/leveldb.framework",
				"${TARGET_BUILD_DIR}/${FRAMEWORKS_FOLDER_PATH}/nanopb.framework",
			);
			runOnlyForDeploymentPostprocessing = 0;
			shellPath = /bin/sh;
			shellScript = "\"${SRCROOT}/Pods/Target Support Files/Pods-ResepFinder/Pods-ResepFinder-frameworks.sh\"\n";
			showEnvVarsInLog = 0;
		};
		9964C68B19D2337BD87D112C /* [CP] Check Pods Manifest.lock */ = {
			isa = PBXShellScriptBuildPhase;
			buildActionMask = 2147483647;
			files = (
			);
			inputPaths = (
				"${PODS_PODFILE_DIR_PATH}/Podfile.lock",
				"${PODS_ROOT}/Manifest.lock",
			);
			name = "[CP] Check Pods Manifest.lock";
			outputPaths = (
				"$(DERIVED_FILE_DIR)/Pods-ResepFinder-checkManifestLockResult.txt",
			);
			runOnlyForDeploymentPostprocessing = 0;
			shellPath = /bin/sh;
			shellScript = "diff \"${PODS_PODFILE_DIR_PATH}/Podfile.lock\" \"${PODS_ROOT}/Manifest.lock\" > /dev/null\nif [ $? != 0 ] ; then\n    # print error to STDERR\n    echo \"error: The sandbox is not in sync with the Podfile.lock. Run 'pod install' or update your CocoaPods installation.\" >&2\n    exit 1\nfi\n# This output is used by Xcode 'outputs' to avoid re-running this script phase.\necho \"SUCCESS\" > \"${SCRIPT_OUTPUT_FILE_0}\"\n";
			showEnvVarsInLog = 0;
		};
/* End PBXShellScriptBuildPhase section */

/* Begin PBXSourcesBuildPhase section */
		26B2BAB121874B76004B148F /* Sources */ = {
			isa = PBXSourcesBuildPhase;
			buildActionMask = 2147483647;
			files = (
				2681C2AC21A6699B00AE98F0 /* HomeCollectionCell.swift in Sources */,
				26E9F2F521B6CB51006D1FB9 /* CachedImageView.swift in Sources */,
				26A23B0521A30C0400164B04 /* UserMessageCell.swift in Sources */,
				26253C4D21AC36D700FC6598 /* CreateIngredientCell.swift in Sources */,
				263BE07621A5182B00AD3A2C /* HomeVC.swift in Sources */,
				26C3A35A21B12326007601D2 /* RFUser.swift in Sources */,
				26C739FF21B3AFEF000B7FAE /* RFProtocols.swift in Sources */,
				268AFC84219962DC00197028 /* RFEnum.swift in Sources */,
				265C167421BD0B8100770779 /* ListOfIngredientsVM.swift in Sources */,
				268AFC892199661100197028 /* ProfileDescriptionCellTableViewCell.swift in Sources */,
				26C3E1F021A6F65D0095FBB5 /* UIButton+Ext.swift in Sources */,
				265C167221BD02A600770779 /* ListOfIngredientsVC.swift in Sources */,
				26E092FD219DC81500E7BDD2 /* SettingVM.swift in Sources */,
				26E7008821ABA3F1001A8F7C /* StartCookingVC.swift in Sources */,
				26ABDBC121A0862900F05409 /* ConversationVC.swift in Sources */,
				268AFC8B2199668400197028 /* RFBaseTableCell.swift in Sources */,
				2683CF8B21A7F1E200467B4E /* RFDateHeaderLabel.swift in Sources */,
				263E376321AADB79001DDE33 /* IngredientsCell.swift in Sources */,
				260F320421BB9E4500A85A43 /* RFConversationService.swift in Sources */,
				26380A2C2197CB8700DFBB82 /* UIView+Ext.swift in Sources */,
				26D5EDBB219D7CFB004AFB39 /* DialogView.swift in Sources */,
				3C192D2C21C5368100F5ACB1 /* RFReviewVC.swift in Sources */,
				3C192D2921C52F7F00F5ACB1 /* RFFunction.swift in Sources */,
				26D5EDBD219D7D16004AFB39 /* RFDialogView.swift in Sources */,
				264D2FFD21935BB600F66595 /* LoginVM.swift in Sources */,
				26F3224C21A4188900EDEC7F /* MessageVC.swift in Sources */,
				265EDDDC21C36FF1001F455C /* RFLocationCell.swift in Sources */,
				264D2FFF21935CD400F66595 /* RFValidations.swift in Sources */,
				2620805221A00B79008DFCD6 /* RFRecipeCell.swift in Sources */,
				26FD0BFB21B4D7DF00D9C540 /* AddStepVM.swift in Sources */,
				2633991E2188AC650035F4BE /* RegistrationsVC.swift in Sources */,
				260F320821BBE48100A85A43 /* RFConversation.swift in Sources */,
				2620805421A00BAD008DFCD6 /* ProfileRecipeCollection.swift in Sources */,
				26287867218F0D1400CD07C5 /* RFPrimaryBtn.swift in Sources */,
				26F3ABD921B3FA4300E33834 /* CreatIngredientVM.swift in Sources */,
				263E375921AA9AEA001DDE33 /* RFParallaxTableView.swift in Sources */,
				2600F724219726E80046239C /* ProfileVC.swift in Sources */,
				3C63EC2921BECA7A00661D9D /* DetailIngredientsVC.swift in Sources */,
				26B1814D21BC2AF400B7836A /* MessageVM.swift in Sources */,
				26EBFC0521BD5AA900008C77 /* RecipeListCell.swift in Sources */,
				2650F9CA21A96BED000638DE /* RFAdvancedSearchVC.swift in Sources */,
				2681C2B621A6C5FB00AE98F0 /* RFScreenHelper.swift in Sources */,
				266C973421A4415100110728 /* MessageHeaderView.swift in Sources */,
				2633991F2188AC650035F4BE /* RFCustomTextField.swift in Sources */,
				2638E57E21BAD3FA003BF480 /* StartCookingVM.swift in Sources */,
				26F3224A21A4122E00EDEC7F /* MessageCell.swift in Sources */,
				264D2FFB2193582200F66595 /* RegistrationsVM.swift in Sources */,
				26E9F2EF21B6C366006D1FB9 /* ProfileRecipeCollectionVM.swift in Sources */,
				26253C5221AC496E00FC6598 /* UITextField+Ext.swift in Sources */,
				3C63EC2B21BECB6900661D9D /* DetailIngredientsVM.swift in Sources */,
				262FD2AC21B751F6004A29AE /* HomeVM.swift in Sources */,
				267E202A21B95C1000A474CC /* UIImagePickerController+RxSwift.swift in Sources */,
				26E9F2F621B6CB51006D1FB9 /* DiscardableImageCacheItem.swift in Sources */,
				26C6964521A26DC20020862D /* SearchUserVC.swift in Sources */,
				263E375D21AAC15A001DDE33 /* DescriptionCell.swift in Sources */,
				26E7009421ABF26B001A8F7C /* UploadCell.swift in Sources */,
				26B2BABB21874B76004B148F /* RFTabBarVC.swift in Sources */,
				264D2FF32193258400F66595 /* RFAuthService.swift in Sources */,
				26FDAEE421ACFF5B00758D33 /* CreateStepsCell.swift in Sources */,
				265EDDDF21C37895001F455C /* UIViewController+Ext.swift in Sources */,
				26C6964321A26C500020862D /* SearchBar.swift in Sources */,
				26FDAEE721ACFF7C00758D33 /* AddStepsCell.swift in Sources */,
				26B0125E21C38EB4008250ED /* RFLocation.swift in Sources */,
				26C3A35721B11E9B007601D2 /* ProfileVM.swift in Sources */,
				26F72E4B21952E60008129A0 /* RFBaseController.swift in Sources */,
				26DBF3FE219209A200CD77FF /* LoginVC.swift in Sources */,
				260F320A21BC0B9E00A85A43 /* ConversationVM.swift in Sources */,
				265EDDD821C36F03001F455C /* RFLocationVC.swift in Sources */,
				26D5EDC0219DA42C004AFB39 /* RFTypeAlias.swift in Sources */,
				26144B6221B42556001BCEA5 /* RecipeDetailVM.swift in Sources */,
				26253C5021AC440400FC6598 /* AddIngredientCell.swift in Sources */,
				26FD0BFD21B4D7E900D9C540 /* CreateStepsVM.swift in Sources */,
				26E7009121ABE690001A8F7C /* CreateReviewsCell.swift in Sources */,
				26A8A391219C6D4700C235FB /* SettingVC.swift in Sources */,
				26B2BAB921874B76004B148F /* AppDelegate.swift in Sources */,
				2650F9C421A94E20000638DE /* RFTextField.swift in Sources */,
				26C73A0321B3B5A8000B7FAE /* RFRecipe.swift in Sources */,
				26144B6421B42828001BCEA5 /* RFIngredient.swift in Sources */,
				2608521921B773FB002C7AA4 /* RFViewRecipeVM.swift in Sources */,
				26E7009721ABF806001A8F7C /* RecipeDetailCell.swift in Sources */,
				26CE274521A2BCCE0040346F /* RFImageView.swift in Sources */,
				2628786A218F0DFE00CD07C5 /* RFColor.swift in Sources */,
				263E376521AAE607001DDE33 /* String+Ext.swift in Sources */,
				26F3ABD721B3F47500E33834 /* CreateVM.swift in Sources */,
				26ABDBBE21A0581C00F05409 /* RFBaseCollectionCell.swift in Sources */,
				26DFF294219B3EBA0038D9AB /* ProfileDetailsCell.swift in Sources */,
				26E9F2F121B6CA46006D1FB9 /* UIImage+Ext.swift in Sources */,
				263BE07A21A51AB200AD3A2C /* HomeHeaderView.swift in Sources */,
				2628786C218F0E0800CD07C5 /* RFFont.swift in Sources */,
				263E376121AAD3CC001DDE33 /* ReviewCell.swift in Sources */,
				26E7008E21ABCDFB001A8F7C /* StepsCell.swift in Sources */,
				264D2FF7219325D900F66595 /* RFDataService.swift in Sources */,
				26F3ABDB21B3FB9000E33834 /* AddIngredientVM.swift in Sources */,
				26B0126021C39964008250ED /* RFLocationVM.swift in Sources */,
				263399232188B51A0035F4BE /* RFLocalizedString.swift in Sources */,
				26F3ABD521B3E7DE00E33834 /* RFRecipeService.swift in Sources */,
				260F320621BBAE5500A85A43 /* SearchUserVM.swift in Sources */,
				2650F9CD21A9C906000638DE /* CreateVC.swift in Sources */,
				263E375621AA940B001DDE33 /* RFViewRecipeVC.swift in Sources */,
			);
			runOnlyForDeploymentPostprocessing = 0;
		};
/* End PBXSourcesBuildPhase section */

/* Begin PBXVariantGroup section */
		26B2BABC21874B76004B148F /* Main.storyboard */ = {
			isa = PBXVariantGroup;
			children = (
				26B2BABD21874B76004B148F /* Base */,
			);
			name = Main.storyboard;
			sourceTree = "<group>";
		};
		26B2BAC121874B76004B148F /* LaunchScreen.storyboard */ = {
			isa = PBXVariantGroup;
			children = (
				26B2BAC221874B76004B148F /* Base */,
			);
			name = LaunchScreen.storyboard;
			sourceTree = "<group>";
		};
/* End PBXVariantGroup section */

/* Begin XCBuildConfiguration section */
		26B2BAC521874B76004B148F /* Debug */ = {
			isa = XCBuildConfiguration;
			buildSettings = {
				ALWAYS_SEARCH_USER_PATHS = NO;
				CLANG_ANALYZER_NONNULL = YES;
				CLANG_ANALYZER_NUMBER_OBJECT_CONVERSION = YES_AGGRESSIVE;
				CLANG_CXX_LANGUAGE_STANDARD = "gnu++14";
				CLANG_CXX_LIBRARY = "libc++";
				CLANG_ENABLE_MODULES = YES;
				CLANG_ENABLE_OBJC_ARC = YES;
				CLANG_ENABLE_OBJC_WEAK = YES;
				CLANG_WARN_BLOCK_CAPTURE_AUTORELEASING = YES;
				CLANG_WARN_BOOL_CONVERSION = YES;
				CLANG_WARN_COMMA = YES;
				CLANG_WARN_CONSTANT_CONVERSION = YES;
				CLANG_WARN_DEPRECATED_OBJC_IMPLEMENTATIONS = YES;
				CLANG_WARN_DIRECT_OBJC_ISA_USAGE = YES_ERROR;
				CLANG_WARN_DOCUMENTATION_COMMENTS = YES;
				CLANG_WARN_EMPTY_BODY = YES;
				CLANG_WARN_ENUM_CONVERSION = YES;
				CLANG_WARN_INFINITE_RECURSION = YES;
				CLANG_WARN_INT_CONVERSION = YES;
				CLANG_WARN_NON_LITERAL_NULL_CONVERSION = YES;
				CLANG_WARN_OBJC_IMPLICIT_RETAIN_SELF = YES;
				CLANG_WARN_OBJC_LITERAL_CONVERSION = YES;
				CLANG_WARN_OBJC_ROOT_CLASS = YES_ERROR;
				CLANG_WARN_RANGE_LOOP_ANALYSIS = YES;
				CLANG_WARN_STRICT_PROTOTYPES = YES;
				CLANG_WARN_SUSPICIOUS_MOVE = YES;
				CLANG_WARN_UNGUARDED_AVAILABILITY = YES_AGGRESSIVE;
				CLANG_WARN_UNREACHABLE_CODE = YES;
				CLANG_WARN__DUPLICATE_METHOD_MATCH = YES;
				CODE_SIGN_IDENTITY = "iPhone Developer";
				COPY_PHASE_STRIP = NO;
				DEBUG_INFORMATION_FORMAT = dwarf;
				ENABLE_STRICT_OBJC_MSGSEND = YES;
				ENABLE_TESTABILITY = YES;
				GCC_C_LANGUAGE_STANDARD = gnu11;
				GCC_DYNAMIC_NO_PIC = NO;
				GCC_NO_COMMON_BLOCKS = YES;
				GCC_OPTIMIZATION_LEVEL = 0;
				GCC_PREPROCESSOR_DEFINITIONS = (
					"DEBUG=1",
					"$(inherited)",
				);
				GCC_WARN_64_TO_32_BIT_CONVERSION = YES;
				GCC_WARN_ABOUT_RETURN_TYPE = YES_ERROR;
				GCC_WARN_UNDECLARED_SELECTOR = YES;
				GCC_WARN_UNINITIALIZED_AUTOS = YES_AGGRESSIVE;
				GCC_WARN_UNUSED_FUNCTION = YES;
				GCC_WARN_UNUSED_VARIABLE = YES;
				IPHONEOS_DEPLOYMENT_TARGET = 12.0;
				MTL_ENABLE_DEBUG_INFO = INCLUDE_SOURCE;
				MTL_FAST_MATH = YES;
				ONLY_ACTIVE_ARCH = YES;
				SDKROOT = iphoneos;
				SWIFT_ACTIVE_COMPILATION_CONDITIONS = DEBUG;
				SWIFT_OPTIMIZATION_LEVEL = "-Onone";
			};
			name = Debug;
		};
		26B2BAC621874B76004B148F /* Release */ = {
			isa = XCBuildConfiguration;
			buildSettings = {
				ALWAYS_SEARCH_USER_PATHS = NO;
				CLANG_ANALYZER_NONNULL = YES;
				CLANG_ANALYZER_NUMBER_OBJECT_CONVERSION = YES_AGGRESSIVE;
				CLANG_CXX_LANGUAGE_STANDARD = "gnu++14";
				CLANG_CXX_LIBRARY = "libc++";
				CLANG_ENABLE_MODULES = YES;
				CLANG_ENABLE_OBJC_ARC = YES;
				CLANG_ENABLE_OBJC_WEAK = YES;
				CLANG_WARN_BLOCK_CAPTURE_AUTORELEASING = YES;
				CLANG_WARN_BOOL_CONVERSION = YES;
				CLANG_WARN_COMMA = YES;
				CLANG_WARN_CONSTANT_CONVERSION = YES;
				CLANG_WARN_DEPRECATED_OBJC_IMPLEMENTATIONS = YES;
				CLANG_WARN_DIRECT_OBJC_ISA_USAGE = YES_ERROR;
				CLANG_WARN_DOCUMENTATION_COMMENTS = YES;
				CLANG_WARN_EMPTY_BODY = YES;
				CLANG_WARN_ENUM_CONVERSION = YES;
				CLANG_WARN_INFINITE_RECURSION = YES;
				CLANG_WARN_INT_CONVERSION = YES;
				CLANG_WARN_NON_LITERAL_NULL_CONVERSION = YES;
				CLANG_WARN_OBJC_IMPLICIT_RETAIN_SELF = YES;
				CLANG_WARN_OBJC_LITERAL_CONVERSION = YES;
				CLANG_WARN_OBJC_ROOT_CLASS = YES_ERROR;
				CLANG_WARN_RANGE_LOOP_ANALYSIS = YES;
				CLANG_WARN_STRICT_PROTOTYPES = YES;
				CLANG_WARN_SUSPICIOUS_MOVE = YES;
				CLANG_WARN_UNGUARDED_AVAILABILITY = YES_AGGRESSIVE;
				CLANG_WARN_UNREACHABLE_CODE = YES;
				CLANG_WARN__DUPLICATE_METHOD_MATCH = YES;
				CODE_SIGN_IDENTITY = "iPhone Developer";
				COPY_PHASE_STRIP = NO;
				DEBUG_INFORMATION_FORMAT = "dwarf-with-dsym";
				ENABLE_NS_ASSERTIONS = NO;
				ENABLE_STRICT_OBJC_MSGSEND = YES;
				GCC_C_LANGUAGE_STANDARD = gnu11;
				GCC_NO_COMMON_BLOCKS = YES;
				GCC_WARN_64_TO_32_BIT_CONVERSION = YES;
				GCC_WARN_ABOUT_RETURN_TYPE = YES_ERROR;
				GCC_WARN_UNDECLARED_SELECTOR = YES;
				GCC_WARN_UNINITIALIZED_AUTOS = YES_AGGRESSIVE;
				GCC_WARN_UNUSED_FUNCTION = YES;
				GCC_WARN_UNUSED_VARIABLE = YES;
				IPHONEOS_DEPLOYMENT_TARGET = 12.0;
				MTL_ENABLE_DEBUG_INFO = NO;
				MTL_FAST_MATH = YES;
				SDKROOT = iphoneos;
				SWIFT_COMPILATION_MODE = wholemodule;
				SWIFT_OPTIMIZATION_LEVEL = "-O";
				VALIDATE_PRODUCT = YES;
			};
			name = Release;
		};
		26B2BAC821874B76004B148F /* Debug */ = {
			isa = XCBuildConfiguration;
			baseConfigurationReference = 29937144E2B89E09C074755A /* Pods-ResepFinder.debug.xcconfig */;
			buildSettings = {
				ASSETCATALOG_COMPILER_APPICON_NAME = AppIcon;
				CODE_SIGN_STYLE = Automatic;
				DEVELOPMENT_TEAM = 9T94R4M552;
				INFOPLIST_FILE = "$(SRCROOT)/ResepFinder/SupportingFiles/Info.plist";
				IPHONEOS_DEPLOYMENT_TARGET = 10.0;
				LD_RUNPATH_SEARCH_PATHS = (
					"$(inherited)",
					"@executable_path/Frameworks",
				);
				PRODUCT_BUNDLE_IDENTIFIER = Huangz.ResepFinder;
				PRODUCT_NAME = "$(TARGET_NAME)";
				SWIFT_OBJC_BRIDGING_HEADER = "ResepFinder/SupportingFiles/RF-Bridging-Header.h";
				SWIFT_VERSION = 4.0;
				TARGETED_DEVICE_FAMILY = 1;
			};
			name = Debug;
		};
		26B2BAC921874B76004B148F /* Release */ = {
			isa = XCBuildConfiguration;
			baseConfigurationReference = 17C1C4AF62C0DDD2FFCDFFB8 /* Pods-ResepFinder.release.xcconfig */;
			buildSettings = {
				ASSETCATALOG_COMPILER_APPICON_NAME = AppIcon;
				CODE_SIGN_STYLE = Automatic;
				DEVELOPMENT_TEAM = 9T94R4M552;
				INFOPLIST_FILE = "$(SRCROOT)/ResepFinder/SupportingFiles/Info.plist";
				IPHONEOS_DEPLOYMENT_TARGET = 10.0;
				LD_RUNPATH_SEARCH_PATHS = (
					"$(inherited)",
					"@executable_path/Frameworks",
				);
				PRODUCT_BUNDLE_IDENTIFIER = Huangz.ResepFinder;
				PRODUCT_NAME = "$(TARGET_NAME)";
				SWIFT_OBJC_BRIDGING_HEADER = "ResepFinder/SupportingFiles/RF-Bridging-Header.h";
				SWIFT_VERSION = 4.0;
				TARGETED_DEVICE_FAMILY = 1;
			};
			name = Release;
		};
/* End XCBuildConfiguration section */

/* Begin XCConfigurationList section */
		26B2BAB021874B76004B148F /* Build configuration list for PBXProject "ResepFinder" */ = {
			isa = XCConfigurationList;
			buildConfigurations = (
				26B2BAC521874B76004B148F /* Debug */,
				26B2BAC621874B76004B148F /* Release */,
			);
			defaultConfigurationIsVisible = 0;
			defaultConfigurationName = Release;
		};
		26B2BAC721874B76004B148F /* Build configuration list for PBXNativeTarget "ResepFinder" */ = {
			isa = XCConfigurationList;
			buildConfigurations = (
				26B2BAC821874B76004B148F /* Debug */,
				26B2BAC921874B76004B148F /* Release */,
			);
			defaultConfigurationIsVisible = 0;
			defaultConfigurationName = Release;
		};
/* End XCConfigurationList section */
	};
	rootObject = 26B2BAAD21874B76004B148F /* Project object */;
}
